<?xml version="1.0" encoding="utf-8"?>
<Project ToolsVersion="17.0" xmlns="http://schemas.microsoft.com/developer/msbuild/2003">
  <ItemGroup>
    <ClCompile Include="D:\tensorflow\tensorflow\lite\tools\benchmark\benchmark_main.cc">
      <Filter>Source Files</Filter>
    </ClCompile>
    <ClCompile Include="D:\tensorflow\tensorflow\lite\tools\benchmark\benchmark_model.cc">
      <Filter>Source Files</Filter>
    </ClCompile>
    <ClCompile Include="D:\tensorflow\tensorflow\lite\tools\benchmark\benchmark_tflite_model.cc">
      <Filter>Source Files</Filter>
    </ClCompile>
    <ClCompile Include="D:\tensorflow\tensorflow\lite\tools\benchmark\benchmark_utils.cc">
      <Filter>Source Files</Filter>
    </ClCompile>
    <ClCompile Include="D:\tensorflow\tensorflow\lite\tools\benchmark\profiling_listener.cc">
      <Filter>Source Files</Filter>
    </ClCompile>
    <ClCompile Include="D:\tensorflow\tensorflow\lite\tools\benchmark\register_custom_op.cc">
      <Filter>Source Files</Filter>
    </ClCompile>
    <ClCompile Include="D:\tensorflow\third_party\xla\xla\tsl\util\stats_calculator.cc">
      <Filter>Source Files</Filter>
    </ClCompile>
    <ClCompile Include="D:\tensorflow\tensorflow\lite\kernels\internal\utils\sparsity_format_converter.cc">
      <Filter>Source Files</Filter>
    </ClCompile>
    <ClCompile Include="D:\tensorflow\tensorflow\lite\profiling\memory_info.cc">
      <Filter>Source Files</Filter>
    </ClCompile>
    <ClCompile Include="D:\tensorflow\tensorflow\lite\profiling\memory_usage_monitor.cc">
      <Filter>Source Files</Filter>
    </ClCompile>
    <ClCompile Include="D:\tensorflow\tensorflow\lite\profiling\model_runtime_info.cc">
      <Filter>Source Files</Filter>
    </ClCompile>
    <ClCompile Include="D:\tensorflow\tensorflow\lite\profiling\profile_buffer.cc">
      <Filter>Source Files</Filter>
    </ClCompile>
    <ClCompile Include="D:\tensorflow\tensorflow\lite\profiling\profile_summarizer.cc">
      <Filter>Source Files</Filter>
    </ClCompile>
    <ClCompile Include="D:\tensorflow\tensorflow\lite\profiling\profile_summary_formatter.cc">
      <Filter>Source Files</Filter>
    </ClCompile>
    <ClCompile Include="D:\tensorflow\tensorflow\lite\profiling\root_profiler.cc">
      <Filter>Source Files</Filter>
    </ClCompile>
    <ClCompile Include="D:\tensorflow\tensorflow\lite\profiling\telemetry\profiler.cc">
      <Filter>Source Files</Filter>
    </ClCompile>
    <ClCompile Include="D:\tensorflow\tensorflow\lite\profiling\telemetry\telemetry.cc">
      <Filter>Source Files</Filter>
    </ClCompile>
    <ClCompile Include="D:\tensorflow\tensorflow\lite\profiling\time.cc">
      <Filter>Source Files</Filter>
    </ClCompile>
    <ClCompile Include="D:\tensorflow\tensorflow\lite\tools\command_line_flags.cc">
      <Filter>Source Files</Filter>
    </ClCompile>
    <ClCompile Include="D:\tensorflow\tensorflow\lite\tools\delegates\default_execution_provider.cc">
      <Filter>Source Files</Filter>
    </ClCompile>
    <ClCompile Include="D:\tensorflow\tensorflow\lite\tools\delegates\delegate_provider.cc">
      <Filter>Source Files</Filter>
    </ClCompile>
    <ClCompile Include="D:\tensorflow\tensorflow\lite\tools\evaluation\utils.cc">
      <Filter>Source Files</Filter>
    </ClCompile>
    <ClCompile Include="D:\tensorflow\tensorflow\lite\tools\model_loader.cc">
      <Filter>Source Files</Filter>
    </ClCompile>
    <ClCompile Include="D:\tensorflow\tensorflow\lite\tools\tool_params.cc">
      <Filter>Source Files</Filter>
    </ClCompile>
    <ClCompile Include="D:\tensorflow\tensorflow\lite\tools\utils.cc">
      <Filter>Source Files</Filter>
    </ClCompile>
    <ClCompile Include="D:\tensorflow\tensorflow\lite\tools\delegates\xnnpack_delegate_provider.cc">
      <Filter>Source Files</Filter>
    </ClCompile>
    <ClCompile Include="D:\tensorflow\tensorflow\lite\core\acceleration\configuration\c\xnnpack_plugin.cc">
      <Filter>Source Files</Filter>
    </ClCompile>
    <ClCompile Include="D:\tensorflow\tensorflow\lite\tools\delegates\external_delegate_provider.cc">
      <Filter>Source Files</Filter>
    </ClCompile>
  </ItemGroup>
  <ItemGroup>
    <ClInclude Include="D:\tensorflow\tensorflow\lite\tools\benchmark\benchmark_model.h">
      <Filter>Header Files</Filter>
    </ClInclude>
    <ClInclude Include="D:\tensorflow\tensorflow\lite\tools\benchmark\benchmark_multirun_stats_recorder.h">
      <Filter>Header Files</Filter>
    </ClInclude>
    <ClInclude Include="D:\tensorflow\tensorflow\lite\tools\benchmark\benchmark_params.h">
      <Filter>Header Files</Filter>
    </ClInclude>
    <ClInclude Include="D:\tensorflow\tensorflow\lite\tools\benchmark\benchmark_performance_options.h">
      <Filter>Header Files</Filter>
    </ClInclude>
    <ClInclude Include="D:\tensorflow\tensorflow\lite\tools\benchmark\benchmark_tflite_model.h">
      <Filter>Header Files</Filter>
    </ClInclude>
    <ClInclude Include="D:\tensorflow\tensorflow\lite\tools\benchmark\benchmark_utils.h">
      <Filter>Header Files</Filter>
    </ClInclude>
    <ClInclude Include="D:\tensorflow\tensorflow\lite\tools\benchmark\profiling_listener.h">
      <Filter>Header Files</Filter>
    </ClInclude>
    <ClInclude Include="D:\tensorflow\tensorflow\lite\tools\benchmark\register_custom_op.h">
      <Filter>Header Files</Filter>
    </ClInclude>
  </ItemGroup>
  <ItemGroup>
    <CustomBuild Include="D:\tensorflow\tensorflow\lite\tools\benchmark\CMakeLists.txt" />
  </ItemGroup>
  <ItemGroup>
    <Filter Include="Header Files">
      <UniqueIdentifier>{9F7E01E7-6670-3D57-93E1-0F3DB5818672}</UniqueIdentifier>
    </Filter>
    <Filter Include="Source Files">
      <UniqueIdentifier>{7D2501A5-4020-35C9-B7A9-6E54321601C7}</UniqueIdentifier>
    </Filter>
  </ItemGroup>
</Project>
