<?xml version="1.0" encoding="utf-8"?>
<Project ToolsVersion="17.0" xmlns="http://schemas.microsoft.com/developer/msbuild/2003">
  <ItemGroup>
    <CustomBuild Include="D:\tensorflow\tensorflow\lite\tf_build\pthreadpool-download\CMakeFiles\98e552d239338d60c1037b142316f445\generate.stamp.rule">
      <Filter>CMake Rules</Filter>
    </CustomBuild>
  </ItemGroup>
  <ItemGroup>
    <Filter Include="CMake Rules">
      <UniqueIdentifier>{8D8E368E-D594-3F55-9354-33E2FE87DED4}</UniqueIdentifier>
    </Filter>
  </ItemGroup>
</Project>
