<?xml version="1.0" encoding="utf-8"?>
<Project ToolsVersion="17.0" xmlns="http://schemas.microsoft.com/developer/msbuild/2003">
  <ItemGroup>
    <CustomBuild Include="D:\tensorflow\tensorflow\lite\tf_build\CMakeFiles\99fa8680197f651d46e486ead1adbc36\flatbuffers-flatc-mkdir.rule">
      <Filter>CMake Rules</Filter>
    </CustomBuild>
    <CustomBuild Include="D:\tensorflow\tensorflow\lite\tf_build\CMakeFiles\99fa8680197f651d46e486ead1adbc36\flatbuffers-flatc-download.rule">
      <Filter>CMake Rules</Filter>
    </CustomBuild>
    <CustomBuild Include="D:\tensorflow\tensorflow\lite\tf_build\CMakeFiles\99fa8680197f651d46e486ead1adbc36\flatbuffers-flatc-update.rule">
      <Filter>CMake Rules</Filter>
    </CustomBuild>
    <CustomBuild Include="D:\tensorflow\tensorflow\lite\tf_build\CMakeFiles\99fa8680197f651d46e486ead1adbc36\flatbuffers-flatc-patch.rule">
      <Filter>CMake Rules</Filter>
    </CustomBuild>
    <CustomBuild Include="D:\tensorflow\tensorflow\lite\tf_build\CMakeFiles\99fa8680197f651d46e486ead1adbc36\flatbuffers-flatc-configure.rule">
      <Filter>CMake Rules</Filter>
    </CustomBuild>
    <CustomBuild Include="D:\tensorflow\tensorflow\lite\tf_build\CMakeFiles\99fa8680197f651d46e486ead1adbc36\flatbuffers-flatc-build.rule">
      <Filter>CMake Rules</Filter>
    </CustomBuild>
    <CustomBuild Include="D:\tensorflow\tensorflow\lite\tf_build\CMakeFiles\99fa8680197f651d46e486ead1adbc36\flatbuffers-flatc-install.rule">
      <Filter>CMake Rules</Filter>
    </CustomBuild>
    <CustomBuild Include="D:\tensorflow\tensorflow\lite\tf_build\CMakeFiles\b1d136866d20f6edd3ee2a6035c52106\flatbuffers-flatc-complete.rule">
      <Filter>CMake Rules</Filter>
    </CustomBuild>
    <CustomBuild Include="D:\tensorflow\tensorflow\lite\tf_build\CMakeFiles\c5397c3f93d2052dca86ca3bb246b829\flatbuffers-flatc.rule">
      <Filter>CMake Rules</Filter>
    </CustomBuild>
    <CustomBuild Include="D:\tensorflow\tensorflow\lite\CMakeLists.txt" />
  </ItemGroup>
  <ItemGroup>
    <None Include="D:\tensorflow\tensorflow\lite\tf_build\CMakeFiles\flatbuffers-flatc" />
  </ItemGroup>
  <ItemGroup>
    <Filter Include="CMake Rules">
      <UniqueIdentifier>{389E9829-AB5F-3430-8F5A-7526D0AFA7AC}</UniqueIdentifier>
    </Filter>
  </ItemGroup>
</Project>
