<?xml version="1.0" encoding="utf-8"?>
<Project ToolsVersion="17.0" xmlns="http://schemas.microsoft.com/developer/msbuild/2003">
  <ItemGroup>
    <ClCompile Include="D:\tensorflow\tensorflow\lite\core\acceleration\configuration\delegate_registry.cc">
      <Filter>Source Files</Filter>
    </ClCompile>
    <ClCompile Include="D:\tensorflow\tensorflow\lite\core\acceleration\configuration\nnapi_plugin.cc">
      <Filter>Source Files</Filter>
    </ClCompile>
    <ClCompile Include="D:\tensorflow\tensorflow\lite\core\acceleration\configuration\stable_delegate_registry.cc">
      <Filter>Source Files</Filter>
    </ClCompile>
    <ClCompile Include="D:\tensorflow\tensorflow\lite\core\api\flatbuffer_conversions.cc">
      <Filter>Source Files</Filter>
    </ClCompile>
    <ClCompile Include="D:\tensorflow\tensorflow\lite\core\api\op_resolver.cc">
      <Filter>Source Files</Filter>
    </ClCompile>
    <ClCompile Include="D:\tensorflow\tensorflow\lite\core\api\tensor_utils.cc">
      <Filter>Source Files</Filter>
    </ClCompile>
    <ClCompile Include="D:\tensorflow\tensorflow\lite\core\async\c\async_kernel.cc">
      <Filter>Source Files</Filter>
    </ClCompile>
    <ClCompile Include="D:\tensorflow\tensorflow\lite\core\async\c\async_signature_runner.cc">
      <Filter>Source Files</Filter>
    </ClCompile>
    <ClCompile Include="D:\tensorflow\tensorflow\lite\core\async\c\task.cc">
      <Filter>Source Files</Filter>
    </ClCompile>
    <ClCompile Include="D:\tensorflow\tensorflow\lite\core\async\interop\c\attribute_map.cc">
      <Filter>Source Files</Filter>
    </ClCompile>
    <ClCompile Include="D:\tensorflow\tensorflow\lite\core\async\interop\c\constants.cc">
      <Filter>Source Files</Filter>
    </ClCompile>
    <ClCompile Include="D:\tensorflow\tensorflow\lite\core\async\interop\c\types.cc">
      <Filter>Source Files</Filter>
    </ClCompile>
    <ClCompile Include="D:\tensorflow\tensorflow\lite\core\async\interop\attribute_map_internal.cc">
      <Filter>Source Files</Filter>
    </ClCompile>
    <ClCompile Include="D:\tensorflow\tensorflow\lite\core\async\interop\reconcile_fns.cc">
      <Filter>Source Files</Filter>
    </ClCompile>
    <ClCompile Include="D:\tensorflow\tensorflow\lite\core\async\interop\variant.cc">
      <Filter>Source Files</Filter>
    </ClCompile>
    <ClCompile Include="D:\tensorflow\tensorflow\lite\core\async\async_signature_runner.cc">
      <Filter>Source Files</Filter>
    </ClCompile>
    <ClCompile Include="D:\tensorflow\tensorflow\lite\core\async\async_subgraph.cc">
      <Filter>Source Files</Filter>
    </ClCompile>
    <ClCompile Include="D:\tensorflow\tensorflow\lite\core\async\task_internal.cc">
      <Filter>Source Files</Filter>
    </ClCompile>
    <ClCompile Include="D:\tensorflow\tensorflow\lite\core\c\c_api.cc">
      <Filter>Source Files</Filter>
    </ClCompile>
    <ClCompile Include="D:\tensorflow\tensorflow\lite\core\c\c_api_experimental.cc">
      <Filter>Source Files</Filter>
    </ClCompile>
    <ClCompile Include="D:\tensorflow\tensorflow\lite\core\c\c_api_opaque.cc">
      <Filter>Source Files</Filter>
    </ClCompile>
    <ClCompile Include="D:\tensorflow\tensorflow\lite\core\c\common.cc">
      <Filter>Source Files</Filter>
    </ClCompile>
    <ClCompile Include="D:\tensorflow\tensorflow\lite\core\c\operator.cc">
      <Filter>Source Files</Filter>
    </ClCompile>
    <ClCompile Include="D:\tensorflow\tensorflow\lite\core\kernels\register.cc">
      <Filter>Source Files</Filter>
    </ClCompile>
    <ClCompile Include="D:\tensorflow\tensorflow\lite\core\create_op_resolver_with_builtin_ops.cc">
      <Filter>Source Files</Filter>
    </ClCompile>
    <ClCompile Include="D:\tensorflow\tensorflow\lite\core\interpreter.cc">
      <Filter>Source Files</Filter>
    </ClCompile>
    <ClCompile Include="D:\tensorflow\tensorflow\lite\core\interpreter_builder.cc">
      <Filter>Source Files</Filter>
    </ClCompile>
    <ClCompile Include="D:\tensorflow\tensorflow\lite\core\interpreter_experimental.cc">
      <Filter>Source Files</Filter>
    </ClCompile>
    <ClCompile Include="D:\tensorflow\tensorflow\lite\core\model_building.cc">
      <Filter>Source Files</Filter>
    </ClCompile>
    <ClCompile Include="D:\tensorflow\tensorflow\lite\core\signature_runner.cc">
      <Filter>Source Files</Filter>
    </ClCompile>
    <ClCompile Include="D:\tensorflow\tensorflow\lite\core\subgraph.cc">
      <Filter>Source Files</Filter>
    </ClCompile>
    <ClCompile Include="D:\tensorflow\tensorflow\lite\core\tools\verifier.cc">
      <Filter>Source Files</Filter>
    </ClCompile>
    <ClCompile Include="D:\tensorflow\tensorflow\lite\core\tools\verifier_internal.cc">
      <Filter>Source Files</Filter>
    </ClCompile>
    <ClCompile Include="D:\tensorflow\tensorflow\lite\c\c_api_for_testing.cc">
      <Filter>Source Files</Filter>
    </ClCompile>
    <ClCompile Include="D:\tensorflow\tensorflow\lite\c\c_api_opaque_internal.cc">
      <Filter>Source Files</Filter>
    </ClCompile>
    <ClCompile Include="D:\tensorflow\tensorflow\lite\c\common_internal.cc">
      <Filter>Source Files</Filter>
    </ClCompile>
    <ClCompile Include="D:\tensorflow\tensorflow\lite\delegates\external\external_delegate.cc">
      <Filter>Source Files</Filter>
    </ClCompile>
    <ClCompile Include="D:\tensorflow\tensorflow\lite\delegates\nnapi\nnapi_delegate_disabled.cc">
      <Filter>Source Files</Filter>
    </ClCompile>
    <ClCompile Include="D:\tensorflow\tensorflow\lite\delegates\interpreter_utils.cc">
      <Filter>Source Files</Filter>
    </ClCompile>
    <ClCompile Include="D:\tensorflow\tensorflow\lite\delegates\serialization.cc">
      <Filter>Source Files</Filter>
    </ClCompile>
    <ClCompile Include="D:\tensorflow\tensorflow\lite\delegates\telemetry.cc">
      <Filter>Source Files</Filter>
    </ClCompile>
    <ClCompile Include="D:\tensorflow\tensorflow\lite\delegates\utils.cc">
      <Filter>Source Files</Filter>
    </ClCompile>
    <ClCompile Include="D:\tensorflow\tensorflow\lite\experimental\resource\cache_buffer.cc">
      <Filter>Source Files</Filter>
    </ClCompile>
    <ClCompile Include="D:\tensorflow\tensorflow\lite\experimental\resource\initialization_status.cc">
      <Filter>Source Files</Filter>
    </ClCompile>
    <ClCompile Include="D:\tensorflow\tensorflow\lite\experimental\resource\resource_variable.cc">
      <Filter>Source Files</Filter>
    </ClCompile>
    <ClCompile Include="D:\tensorflow\tensorflow\lite\experimental\resource\static_hashtable.cc">
      <Filter>Source Files</Filter>
    </ClCompile>
    <ClCompile Include="D:\tensorflow\tensorflow\lite\kernels\internal\optimized\4bit\fully_connected_reference.cc">
      <Filter>Source Files</Filter>
    </ClCompile>
    <ClCompile Include="D:\tensorflow\tensorflow\lite\kernels\internal\optimized\cpu_check.cc">
      <Filter>Source Files</Filter>
    </ClCompile>
    <ClCompile Include="D:\tensorflow\tensorflow\lite\kernels\internal\optimized\neon_tensor_utils.cc">
      <Filter>Source Files</Filter>
    </ClCompile>
    <ClCompile Include="D:\tensorflow\tensorflow\lite\kernels\internal\optimized\sse_tensor_utils.cc">
      <Filter>Source Files</Filter>
    </ClCompile>
    <ClCompile Include="D:\tensorflow\tensorflow\lite\kernels\internal\reference\comparisons.cc">
      <Filter>Source Files</Filter>
    </ClCompile>
    <ClCompile Include="D:\tensorflow\tensorflow\lite\kernels\internal\reference\portable_tensor_utils.cc">
      <Filter>Source Files</Filter>
    </ClCompile>
    <ClCompile Include="D:\tensorflow\tensorflow\lite\kernels\internal\common.cc">
      <Filter>Source Files</Filter>
    </ClCompile>
    <ClCompile Include="D:\tensorflow\tensorflow\lite\kernels\internal\kernel_utils.cc">
      <Filter>Source Files</Filter>
    </ClCompile>
    <ClCompile Include="D:\tensorflow\tensorflow\lite\kernels\internal\mfcc.cc">
      <Filter>Source Files</Filter>
    </ClCompile>
    <ClCompile Include="D:\tensorflow\tensorflow\lite\kernels\internal\mfcc_dct.cc">
      <Filter>Source Files</Filter>
    </ClCompile>
    <ClCompile Include="D:\tensorflow\tensorflow\lite\kernels\internal\mfcc_mel_filterbank.cc">
      <Filter>Source Files</Filter>
    </ClCompile>
    <ClCompile Include="D:\tensorflow\tensorflow\lite\kernels\internal\opaque_tensor_ctypes.cc">
      <Filter>Source Files</Filter>
    </ClCompile>
    <ClCompile Include="D:\tensorflow\tensorflow\lite\kernels\internal\portable_tensor_utils.cc">
      <Filter>Source Files</Filter>
    </ClCompile>
    <ClCompile Include="D:\tensorflow\tensorflow\lite\kernels\internal\quantization_util.cc">
      <Filter>Source Files</Filter>
    </ClCompile>
    <ClCompile Include="D:\tensorflow\tensorflow\lite\kernels\internal\runtime_shape.cc">
      <Filter>Source Files</Filter>
    </ClCompile>
    <ClCompile Include="D:\tensorflow\tensorflow\lite\kernels\internal\spectrogram.cc">
      <Filter>Source Files</Filter>
    </ClCompile>
    <ClCompile Include="D:\tensorflow\tensorflow\lite\kernels\internal\tensor_ctypes.cc">
      <Filter>Source Files</Filter>
    </ClCompile>
    <ClCompile Include="D:\tensorflow\tensorflow\lite\kernels\internal\tensor_utils.cc">
      <Filter>Source Files</Filter>
    </ClCompile>
    <ClCompile Include="D:\tensorflow\tensorflow\lite\kernels\internal\transpose_utils.cc">
      <Filter>Source Files</Filter>
    </ClCompile>
    <ClCompile Include="D:\tensorflow\tensorflow\lite\kernels\activations.cc">
      <Filter>Source Files</Filter>
    </ClCompile>
    <ClCompile Include="D:\tensorflow\tensorflow\lite\kernels\add.cc">
      <Filter>Source Files</Filter>
    </ClCompile>
    <ClCompile Include="D:\tensorflow\tensorflow\lite\kernels\add_n.cc">
      <Filter>Source Files</Filter>
    </ClCompile>
    <ClCompile Include="D:\tensorflow\tensorflow\lite\kernels\arg_min_max.cc">
      <Filter>Source Files</Filter>
    </ClCompile>
    <ClCompile Include="D:\tensorflow\tensorflow\lite\kernels\assign_variable.cc">
      <Filter>Source Files</Filter>
    </ClCompile>
    <ClCompile Include="D:\tensorflow\tensorflow\lite\kernels\atan2.cc">
      <Filter>Source Files</Filter>
    </ClCompile>
    <ClCompile Include="D:\tensorflow\tensorflow\lite\kernels\atan2_custom.cc">
      <Filter>Source Files</Filter>
    </ClCompile>
    <ClCompile Include="D:\tensorflow\tensorflow\lite\kernels\audio_spectrogram.cc">
      <Filter>Source Files</Filter>
    </ClCompile>
    <ClCompile Include="D:\tensorflow\tensorflow\lite\kernels\basic_rnn.cc">
      <Filter>Source Files</Filter>
    </ClCompile>
    <ClCompile Include="D:\tensorflow\tensorflow\lite\kernels\batch_matmul.cc">
      <Filter>Source Files</Filter>
    </ClCompile>
    <ClCompile Include="D:\tensorflow\tensorflow\lite\kernels\batch_to_space_nd.cc">
      <Filter>Source Files</Filter>
    </ClCompile>
    <ClCompile Include="D:\tensorflow\tensorflow\lite\kernels\bidirectional_sequence_lstm.cc">
      <Filter>Source Files</Filter>
    </ClCompile>
    <ClCompile Include="D:\tensorflow\tensorflow\lite\kernels\bidirectional_sequence_rnn.cc">
      <Filter>Source Files</Filter>
    </ClCompile>
    <ClCompile Include="D:\tensorflow\tensorflow\lite\kernels\bitcast.cc">
      <Filter>Source Files</Filter>
    </ClCompile>
    <ClCompile Include="D:\tensorflow\tensorflow\lite\kernels\bitwise_xor.cc">
      <Filter>Source Files</Filter>
    </ClCompile>
    <ClCompile Include="D:\tensorflow\tensorflow\lite\kernels\broadcast_args.cc">
      <Filter>Source Files</Filter>
    </ClCompile>
    <ClCompile Include="D:\tensorflow\tensorflow\lite\kernels\broadcast_to.cc">
      <Filter>Source Files</Filter>
    </ClCompile>
    <ClCompile Include="D:\tensorflow\tensorflow\lite\kernels\bucketize.cc">
      <Filter>Source Files</Filter>
    </ClCompile>
    <ClCompile Include="D:\tensorflow\tensorflow\lite\kernels\call_once.cc">
      <Filter>Source Files</Filter>
    </ClCompile>
    <ClCompile Include="D:\tensorflow\tensorflow\lite\kernels\cast.cc">
      <Filter>Source Files</Filter>
    </ClCompile>
    <ClCompile Include="D:\tensorflow\tensorflow\lite\kernels\ceil.cc">
      <Filter>Source Files</Filter>
    </ClCompile>
    <ClCompile Include="D:\tensorflow\tensorflow\lite\kernels\comparisons.cc">
      <Filter>Source Files</Filter>
    </ClCompile>
    <ClCompile Include="D:\tensorflow\tensorflow\lite\kernels\complex_support.cc">
      <Filter>Source Files</Filter>
    </ClCompile>
    <ClCompile Include="D:\tensorflow\tensorflow\lite\kernels\concatenation.cc">
      <Filter>Source Files</Filter>
    </ClCompile>
    <ClCompile Include="D:\tensorflow\tensorflow\lite\kernels\control_flow_common.cc">
      <Filter>Source Files</Filter>
    </ClCompile>
    <ClCompile Include="D:\tensorflow\tensorflow\lite\kernels\conv.cc">
      <Filter>Source Files</Filter>
    </ClCompile>
    <ClCompile Include="D:\tensorflow\tensorflow\lite\kernels\conv3d.cc">
      <Filter>Source Files</Filter>
    </ClCompile>
    <ClCompile Include="D:\tensorflow\tensorflow\lite\kernels\conv3d_transpose.cc">
      <Filter>Source Files</Filter>
    </ClCompile>
    <ClCompile Include="D:\tensorflow\tensorflow\lite\kernels\cpu_backend_context.cc">
      <Filter>Source Files</Filter>
    </ClCompile>
    <ClCompile Include="D:\tensorflow\tensorflow\lite\kernels\cpu_backend_gemm_eigen.cc">
      <Filter>Source Files</Filter>
    </ClCompile>
    <ClCompile Include="D:\tensorflow\tensorflow\lite\kernels\cumsum.cc">
      <Filter>Source Files</Filter>
    </ClCompile>
    <ClCompile Include="D:\tensorflow\tensorflow\lite\kernels\densify.cc">
      <Filter>Source Files</Filter>
    </ClCompile>
    <ClCompile Include="D:\tensorflow\tensorflow\lite\kernels\deprecated_backends.cc">
      <Filter>Source Files</Filter>
    </ClCompile>
    <ClCompile Include="D:\tensorflow\tensorflow\lite\kernels\depth_to_space.cc">
      <Filter>Source Files</Filter>
    </ClCompile>
    <ClCompile Include="D:\tensorflow\tensorflow\lite\kernels\depthwise_conv.cc">
      <Filter>Source Files</Filter>
    </ClCompile>
    <ClCompile Include="D:\tensorflow\tensorflow\lite\kernels\dequantize.cc">
      <Filter>Source Files</Filter>
    </ClCompile>
    <ClCompile Include="D:\tensorflow\tensorflow\lite\kernels\detection_postprocess.cc">
      <Filter>Source Files</Filter>
    </ClCompile>
    <ClCompile Include="D:\tensorflow\tensorflow\lite\kernels\dilate.cc">
      <Filter>Source Files</Filter>
    </ClCompile>
    <ClCompile Include="D:\tensorflow\tensorflow\lite\kernels\div.cc">
      <Filter>Source Files</Filter>
    </ClCompile>
    <ClCompile Include="D:\tensorflow\tensorflow\lite\kernels\dynamic_update_slice.cc">
      <Filter>Source Files</Filter>
    </ClCompile>
    <ClCompile Include="D:\tensorflow\tensorflow\lite\kernels\eigen_support.cc">
      <Filter>Source Files</Filter>
    </ClCompile>
    <ClCompile Include="D:\tensorflow\tensorflow\lite\kernels\elementwise.cc">
      <Filter>Source Files</Filter>
    </ClCompile>
    <ClCompile Include="D:\tensorflow\tensorflow\lite\kernels\embedding_lookup.cc">
      <Filter>Source Files</Filter>
    </ClCompile>
    <ClCompile Include="D:\tensorflow\tensorflow\lite\kernels\embedding_lookup_sparse.cc">
      <Filter>Source Files</Filter>
    </ClCompile>
    <ClCompile Include="D:\tensorflow\tensorflow\lite\kernels\exp.cc">
      <Filter>Source Files</Filter>
    </ClCompile>
    <ClCompile Include="D:\tensorflow\tensorflow\lite\kernels\expand_dims.cc">
      <Filter>Source Files</Filter>
    </ClCompile>
    <ClCompile Include="D:\tensorflow\tensorflow\lite\kernels\fake_quant.cc">
      <Filter>Source Files</Filter>
    </ClCompile>
    <ClCompile Include="D:\tensorflow\tensorflow\lite\kernels\fill.cc">
      <Filter>Source Files</Filter>
    </ClCompile>
    <ClCompile Include="D:\tensorflow\tensorflow\lite\kernels\floor.cc">
      <Filter>Source Files</Filter>
    </ClCompile>
    <ClCompile Include="D:\tensorflow\tensorflow\lite\kernels\floor_div.cc">
      <Filter>Source Files</Filter>
    </ClCompile>
    <ClCompile Include="D:\tensorflow\tensorflow\lite\kernels\floor_mod.cc">
      <Filter>Source Files</Filter>
    </ClCompile>
    <ClCompile Include="D:\tensorflow\tensorflow\lite\kernels\fully_connected.cc">
      <Filter>Source Files</Filter>
    </ClCompile>
    <ClCompile Include="D:\tensorflow\tensorflow\lite\kernels\gather.cc">
      <Filter>Source Files</Filter>
    </ClCompile>
    <ClCompile Include="D:\tensorflow\tensorflow\lite\kernels\gather_nd.cc">
      <Filter>Source Files</Filter>
    </ClCompile>
    <ClCompile Include="D:\tensorflow\tensorflow\lite\kernels\gru_cell.cc">
      <Filter>Source Files</Filter>
    </ClCompile>
    <ClCompile Include="D:\tensorflow\tensorflow\lite\kernels\hashtable.cc">
      <Filter>Source Files</Filter>
    </ClCompile>
    <ClCompile Include="D:\tensorflow\tensorflow\lite\kernels\hashtable_find.cc">
      <Filter>Source Files</Filter>
    </ClCompile>
    <ClCompile Include="D:\tensorflow\tensorflow\lite\kernels\hashtable_import.cc">
      <Filter>Source Files</Filter>
    </ClCompile>
    <ClCompile Include="D:\tensorflow\tensorflow\lite\kernels\hashtable_lookup.cc">
      <Filter>Source Files</Filter>
    </ClCompile>
    <ClCompile Include="D:\tensorflow\tensorflow\lite\kernels\hashtable_size.cc">
      <Filter>Source Files</Filter>
    </ClCompile>
    <ClCompile Include="D:\tensorflow\tensorflow\lite\kernels\if.cc">
      <Filter>Source Files</Filter>
    </ClCompile>
    <ClCompile Include="D:\tensorflow\tensorflow\lite\kernels\irfft2d.cc">
      <Filter>Source Files</Filter>
    </ClCompile>
    <ClCompile Include="D:\tensorflow\tensorflow\lite\kernels\kernel_util.cc">
      <Filter>Source Files</Filter>
    </ClCompile>
    <ClCompile Include="D:\tensorflow\tensorflow\lite\kernels\l2norm.cc">
      <Filter>Source Files</Filter>
    </ClCompile>
    <ClCompile Include="D:\tensorflow\tensorflow\lite\kernels\local_response_norm.cc">
      <Filter>Source Files</Filter>
    </ClCompile>
    <ClCompile Include="D:\tensorflow\tensorflow\lite\kernels\logical.cc">
      <Filter>Source Files</Filter>
    </ClCompile>
    <ClCompile Include="D:\tensorflow\tensorflow\lite\kernels\lsh_projection.cc">
      <Filter>Source Files</Filter>
    </ClCompile>
    <ClCompile Include="D:\tensorflow\tensorflow\lite\kernels\lstm.cc">
      <Filter>Source Files</Filter>
    </ClCompile>
    <ClCompile Include="D:\tensorflow\tensorflow\lite\kernels\lstm_eval.cc">
      <Filter>Source Files</Filter>
    </ClCompile>
    <ClCompile Include="D:\tensorflow\tensorflow\lite\kernels\matrix_diag.cc">
      <Filter>Source Files</Filter>
    </ClCompile>
    <ClCompile Include="D:\tensorflow\tensorflow\lite\kernels\matrix_set_diag.cc">
      <Filter>Source Files</Filter>
    </ClCompile>
    <ClCompile Include="D:\tensorflow\tensorflow\lite\kernels\maximum_minimum.cc">
      <Filter>Source Files</Filter>
    </ClCompile>
    <ClCompile Include="D:\tensorflow\tensorflow\lite\kernels\mfcc.cc">
      <Filter>Source Files</Filter>
    </ClCompile>
    <ClCompile Include="D:\tensorflow\tensorflow\lite\kernels\mirror_pad.cc">
      <Filter>Source Files</Filter>
    </ClCompile>
    <ClCompile Include="D:\tensorflow\tensorflow\lite\kernels\mul.cc">
      <Filter>Source Files</Filter>
    </ClCompile>
    <ClCompile Include="D:\tensorflow\tensorflow\lite\kernels\multinomial.cc">
      <Filter>Source Files</Filter>
    </ClCompile>
    <ClCompile Include="D:\tensorflow\tensorflow\lite\kernels\neg.cc">
      <Filter>Source Files</Filter>
    </ClCompile>
    <ClCompile Include="D:\tensorflow\tensorflow\lite\kernels\non_max_suppression.cc">
      <Filter>Source Files</Filter>
    </ClCompile>
    <ClCompile Include="D:\tensorflow\tensorflow\lite\kernels\numeric_verify.cc">
      <Filter>Source Files</Filter>
    </ClCompile>
    <ClCompile Include="D:\tensorflow\tensorflow\lite\kernels\one_hot.cc">
      <Filter>Source Files</Filter>
    </ClCompile>
    <ClCompile Include="D:\tensorflow\tensorflow\lite\kernels\pack.cc">
      <Filter>Source Files</Filter>
    </ClCompile>
    <ClCompile Include="D:\tensorflow\tensorflow\lite\kernels\pad.cc">
      <Filter>Source Files</Filter>
    </ClCompile>
    <ClCompile Include="D:\tensorflow\tensorflow\lite\kernels\pooling.cc">
      <Filter>Source Files</Filter>
    </ClCompile>
    <ClCompile Include="D:\tensorflow\tensorflow\lite\kernels\pooling3d.cc">
      <Filter>Source Files</Filter>
    </ClCompile>
    <ClCompile Include="D:\tensorflow\tensorflow\lite\kernels\pow.cc">
      <Filter>Source Files</Filter>
    </ClCompile>
    <ClCompile Include="D:\tensorflow\tensorflow\lite\kernels\quantize.cc">
      <Filter>Source Files</Filter>
    </ClCompile>
    <ClCompile Include="D:\tensorflow\tensorflow\lite\kernels\random_ops.cc">
      <Filter>Source Files</Filter>
    </ClCompile>
    <ClCompile Include="D:\tensorflow\tensorflow\lite\kernels\random_standard_normal_custom.cc">
      <Filter>Source Files</Filter>
    </ClCompile>
    <ClCompile Include="D:\tensorflow\tensorflow\lite\kernels\random_uniform_custom.cc">
      <Filter>Source Files</Filter>
    </ClCompile>
    <ClCompile Include="D:\tensorflow\tensorflow\lite\kernels\range.cc">
      <Filter>Source Files</Filter>
    </ClCompile>
    <ClCompile Include="D:\tensorflow\tensorflow\lite\kernels\rank.cc">
      <Filter>Source Files</Filter>
    </ClCompile>
    <ClCompile Include="D:\tensorflow\tensorflow\lite\kernels\read_variable.cc">
      <Filter>Source Files</Filter>
    </ClCompile>
    <ClCompile Include="D:\tensorflow\tensorflow\lite\kernels\reduce.cc">
      <Filter>Source Files</Filter>
    </ClCompile>
    <ClCompile Include="D:\tensorflow\tensorflow\lite\kernels\register_ref.cc">
      <Filter>Source Files</Filter>
    </ClCompile>
    <ClCompile Include="D:\tensorflow\tensorflow\lite\kernels\reshape.cc">
      <Filter>Source Files</Filter>
    </ClCompile>
    <ClCompile Include="D:\tensorflow\tensorflow\lite\kernels\resize_bilinear.cc">
      <Filter>Source Files</Filter>
    </ClCompile>
    <ClCompile Include="D:\tensorflow\tensorflow\lite\kernels\resize_nearest_neighbor.cc">
      <Filter>Source Files</Filter>
    </ClCompile>
    <ClCompile Include="D:\tensorflow\tensorflow\lite\kernels\reverse.cc">
      <Filter>Source Files</Filter>
    </ClCompile>
    <ClCompile Include="D:\tensorflow\tensorflow\lite\kernels\reverse_sequence.cc">
      <Filter>Source Files</Filter>
    </ClCompile>
    <ClCompile Include="D:\tensorflow\tensorflow\lite\kernels\rfft2d.cc">
      <Filter>Source Files</Filter>
    </ClCompile>
    <ClCompile Include="D:\tensorflow\tensorflow\lite\kernels\right_shift.cc">
      <Filter>Source Files</Filter>
    </ClCompile>
    <ClCompile Include="D:\tensorflow\tensorflow\lite\kernels\rng_bit_generator.cc">
      <Filter>Source Files</Filter>
    </ClCompile>
    <ClCompile Include="D:\tensorflow\tensorflow\lite\kernels\rng_util.cc">
      <Filter>Source Files</Filter>
    </ClCompile>
    <ClCompile Include="D:\tensorflow\tensorflow\lite\kernels\roll.cc">
      <Filter>Source Files</Filter>
    </ClCompile>
    <ClCompile Include="D:\tensorflow\tensorflow\lite\kernels\round.cc">
      <Filter>Source Files</Filter>
    </ClCompile>
    <ClCompile Include="D:\tensorflow\tensorflow\lite\kernels\scatter_nd.cc">
      <Filter>Source Files</Filter>
    </ClCompile>
    <ClCompile Include="D:\tensorflow\tensorflow\lite\kernels\segment_sum.cc">
      <Filter>Source Files</Filter>
    </ClCompile>
    <ClCompile Include="D:\tensorflow\tensorflow\lite\kernels\select.cc">
      <Filter>Source Files</Filter>
    </ClCompile>
    <ClCompile Include="D:\tensorflow\tensorflow\lite\kernels\shape.cc">
      <Filter>Source Files</Filter>
    </ClCompile>
    <ClCompile Include="D:\tensorflow\tensorflow\lite\kernels\sign.cc">
      <Filter>Source Files</Filter>
    </ClCompile>
    <ClCompile Include="D:\tensorflow\tensorflow\lite\kernels\sign_custom.cc">
      <Filter>Source Files</Filter>
    </ClCompile>
    <ClCompile Include="D:\tensorflow\tensorflow\lite\kernels\skip_gram.cc">
      <Filter>Source Files</Filter>
    </ClCompile>
    <ClCompile Include="D:\tensorflow\tensorflow\lite\kernels\slice.cc">
      <Filter>Source Files</Filter>
    </ClCompile>
    <ClCompile Include="D:\tensorflow\tensorflow\lite\kernels\space_to_batch_nd.cc">
      <Filter>Source Files</Filter>
    </ClCompile>
    <ClCompile Include="D:\tensorflow\tensorflow\lite\kernels\space_to_depth.cc">
      <Filter>Source Files</Filter>
    </ClCompile>
    <ClCompile Include="D:\tensorflow\tensorflow\lite\kernels\sparse_to_dense.cc">
      <Filter>Source Files</Filter>
    </ClCompile>
    <ClCompile Include="D:\tensorflow\tensorflow\lite\kernels\split.cc">
      <Filter>Source Files</Filter>
    </ClCompile>
    <ClCompile Include="D:\tensorflow\tensorflow\lite\kernels\split_v.cc">
      <Filter>Source Files</Filter>
    </ClCompile>
    <ClCompile Include="D:\tensorflow\tensorflow\lite\kernels\squared_difference.cc">
      <Filter>Source Files</Filter>
    </ClCompile>
    <ClCompile Include="D:\tensorflow\tensorflow\lite\kernels\squeeze.cc">
      <Filter>Source Files</Filter>
    </ClCompile>
    <ClCompile Include="D:\tensorflow\tensorflow\lite\kernels\stablehlo_add.cc">
      <Filter>Source Files</Filter>
    </ClCompile>
    <ClCompile Include="D:\tensorflow\tensorflow\lite\kernels\stablehlo_and.cc">
      <Filter>Source Files</Filter>
    </ClCompile>
    <ClCompile Include="D:\tensorflow\tensorflow\lite\kernels\stablehlo_case.cc">
      <Filter>Source Files</Filter>
    </ClCompile>
    <ClCompile Include="D:\tensorflow\tensorflow\lite\kernels\stablehlo_composite.cc">
      <Filter>Source Files</Filter>
    </ClCompile>
    <ClCompile Include="D:\tensorflow\tensorflow\lite\kernels\stablehlo_elementwise.cc">
      <Filter>Source Files</Filter>
    </ClCompile>
    <ClCompile Include="D:\tensorflow\tensorflow\lite\kernels\stablehlo_gather.cc">
      <Filter>Source Files</Filter>
    </ClCompile>
    <ClCompile Include="D:\tensorflow\tensorflow\lite\kernels\stablehlo_min_max.cc">
      <Filter>Source Files</Filter>
    </ClCompile>
    <ClCompile Include="D:\tensorflow\tensorflow\lite\kernels\stablehlo_multiply.cc">
      <Filter>Source Files</Filter>
    </ClCompile>
    <ClCompile Include="D:\tensorflow\tensorflow\lite\kernels\stablehlo_pad.cc">
      <Filter>Source Files</Filter>
    </ClCompile>
    <ClCompile Include="D:\tensorflow\tensorflow\lite\kernels\stablehlo_reduce_window.cc">
      <Filter>Source Files</Filter>
    </ClCompile>
    <ClCompile Include="D:\tensorflow\tensorflow\lite\kernels\stablehlo_scatter.cc">
      <Filter>Source Files</Filter>
    </ClCompile>
    <ClCompile Include="D:\tensorflow\tensorflow\lite\kernels\stablehlo_shift_left.cc">
      <Filter>Source Files</Filter>
    </ClCompile>
    <ClCompile Include="D:\tensorflow\tensorflow\lite\kernels\strided_slice.cc">
      <Filter>Source Files</Filter>
    </ClCompile>
    <ClCompile Include="D:\tensorflow\tensorflow\lite\kernels\sub.cc">
      <Filter>Source Files</Filter>
    </ClCompile>
    <ClCompile Include="D:\tensorflow\tensorflow\lite\kernels\svdf.cc">
      <Filter>Source Files</Filter>
    </ClCompile>
    <ClCompile Include="D:\tensorflow\tensorflow\lite\kernels\table.cc">
      <Filter>Source Files</Filter>
    </ClCompile>
    <ClCompile Include="D:\tensorflow\tensorflow\lite\kernels\tensor_slice_util.cc">
      <Filter>Source Files</Filter>
    </ClCompile>
    <ClCompile Include="D:\tensorflow\tensorflow\lite\kernels\tile.cc">
      <Filter>Source Files</Filter>
    </ClCompile>
    <ClCompile Include="D:\tensorflow\tensorflow\lite\kernels\topk_v2.cc">
      <Filter>Source Files</Filter>
    </ClCompile>
    <ClCompile Include="D:\tensorflow\tensorflow\lite\kernels\transpose.cc">
      <Filter>Source Files</Filter>
    </ClCompile>
    <ClCompile Include="D:\tensorflow\tensorflow\lite\kernels\transpose_conv.cc">
      <Filter>Source Files</Filter>
    </ClCompile>
    <ClCompile Include="D:\tensorflow\tensorflow\lite\kernels\unidirectional_sequence_gru.cc">
      <Filter>Source Files</Filter>
    </ClCompile>
    <ClCompile Include="D:\tensorflow\tensorflow\lite\kernels\unidirectional_sequence_lstm.cc">
      <Filter>Source Files</Filter>
    </ClCompile>
    <ClCompile Include="D:\tensorflow\tensorflow\lite\kernels\unidirectional_sequence_rnn.cc">
      <Filter>Source Files</Filter>
    </ClCompile>
    <ClCompile Include="D:\tensorflow\tensorflow\lite\kernels\unique.cc">
      <Filter>Source Files</Filter>
    </ClCompile>
    <ClCompile Include="D:\tensorflow\tensorflow\lite\kernels\unpack.cc">
      <Filter>Source Files</Filter>
    </ClCompile>
    <ClCompile Include="D:\tensorflow\tensorflow\lite\kernels\unsorted_segment.cc">
      <Filter>Source Files</Filter>
    </ClCompile>
    <ClCompile Include="D:\tensorflow\tensorflow\lite\kernels\var_handle.cc">
      <Filter>Source Files</Filter>
    </ClCompile>
    <ClCompile Include="D:\tensorflow\tensorflow\lite\kernels\where.cc">
      <Filter>Source Files</Filter>
    </ClCompile>
    <ClCompile Include="D:\tensorflow\tensorflow\lite\kernels\while.cc">
      <Filter>Source Files</Filter>
    </ClCompile>
    <ClCompile Include="D:\tensorflow\tensorflow\lite\kernels\zeros_like.cc">
      <Filter>Source Files</Filter>
    </ClCompile>
    <ClCompile Include="D:\tensorflow\tensorflow\lite\nnapi\nnapi_implementation_disabled.cc">
      <Filter>Source Files</Filter>
    </ClCompile>
    <ClCompile Include="D:\tensorflow\tensorflow\lite\profiling\platform_profiler.cc">
      <Filter>Source Files</Filter>
    </ClCompile>
    <ClCompile Include="D:\tensorflow\tensorflow\lite\profiling\root_profiler.cc">
      <Filter>Source Files</Filter>
    </ClCompile>
    <ClCompile Include="D:\tensorflow\tensorflow\lite\profiling\telemetry\profiler.cc">
      <Filter>Source Files</Filter>
    </ClCompile>
    <ClCompile Include="D:\tensorflow\tensorflow\lite\profiling\telemetry\telemetry.cc">
      <Filter>Source Files</Filter>
    </ClCompile>
    <ClCompile Include="D:\tensorflow\tensorflow\lite\profiling\telemetry\c\telemetry_setting_internal.cc">
      <Filter>Source Files</Filter>
    </ClCompile>
    <ClCompile Include="D:\tensorflow\tensorflow\lite\kernels\internal\utils\sparsity_format_converter.cc">
      <Filter>Source Files</Filter>
    </ClCompile>
    <ClCompile Include="D:\tensorflow\tensorflow\lite\arena_planner.cc">
      <Filter>Source Files</Filter>
    </ClCompile>
    <ClCompile Include="D:\tensorflow\tensorflow\lite\array.cc">
      <Filter>Source Files</Filter>
    </ClCompile>
    <ClCompile Include="D:\tensorflow\tensorflow\lite\external_cpu_backend_context.cc">
      <Filter>Source Files</Filter>
    </ClCompile>
    <ClCompile Include="D:\tensorflow\tensorflow\lite\graph_info.cc">
      <Filter>Source Files</Filter>
    </ClCompile>
    <ClCompile Include="D:\tensorflow\tensorflow\lite\logger.cc">
      <Filter>Source Files</Filter>
    </ClCompile>
    <ClCompile Include="D:\tensorflow\tensorflow\lite\minimal_logging.cc">
      <Filter>Source Files</Filter>
    </ClCompile>
    <ClCompile Include="D:\tensorflow\tensorflow\lite\mutable_op_resolver.cc">
      <Filter>Source Files</Filter>
    </ClCompile>
    <ClCompile Include="D:\tensorflow\tensorflow\lite\mutable_op_resolver_utils.cc">
      <Filter>Source Files</Filter>
    </ClCompile>
    <ClCompile Include="D:\tensorflow\tensorflow\lite\optional_debug_tools.cc">
      <Filter>Source Files</Filter>
    </ClCompile>
    <ClCompile Include="D:\tensorflow\tensorflow\lite\simple_memory_arena.cc">
      <Filter>Source Files</Filter>
    </ClCompile>
    <ClCompile Include="D:\tensorflow\tensorflow\lite\simple_planner.cc">
      <Filter>Source Files</Filter>
    </ClCompile>
    <ClCompile Include="D:\tensorflow\tensorflow\lite\stderr_reporter.cc">
      <Filter>Source Files</Filter>
    </ClCompile>
    <ClCompile Include="D:\tensorflow\tensorflow\lite\string_util.cc">
      <Filter>Source Files</Filter>
    </ClCompile>
    <ClCompile Include="D:\tensorflow\tensorflow\lite\tensorflow_profiler_logger_shim.cc">
      <Filter>Source Files</Filter>
    </ClCompile>
    <ClCompile Include="D:\tensorflow\tensorflow\lite\tflite_with_xnnpack_optional.cc">
      <Filter>Source Files</Filter>
    </ClCompile>
    <ClCompile Include="D:\tensorflow\tensorflow\lite\util.cc">
      <Filter>Source Files</Filter>
    </ClCompile>
    <ClCompile Include="D:\tensorflow\tensorflow\lite\minimal_logging_default.cc">
      <Filter>Source Files</Filter>
    </ClCompile>
    <ClCompile Include="D:\tensorflow\tensorflow\compiler\mlir\lite\allocation.cc">
      <Filter>Source Files</Filter>
    </ClCompile>
    <ClCompile Include="D:\tensorflow\tensorflow\compiler\mlir\lite\core\api\error_reporter.cc">
      <Filter>Source Files</Filter>
    </ClCompile>
    <ClCompile Include="D:\tensorflow\tensorflow\compiler\mlir\lite\core\api\flatbuffer_conversions.cc">
      <Filter>Source Files</Filter>
    </ClCompile>
    <ClCompile Include="D:\tensorflow\tensorflow\compiler\mlir\lite\core\model_builder_base.cc">
      <Filter>Source Files</Filter>
    </ClCompile>
    <ClCompile Include="D:\tensorflow\tensorflow\compiler\mlir\lite\experimental\remat\metadata_util.cc">
      <Filter>Source Files</Filter>
    </ClCompile>
    <ClCompile Include="D:\tensorflow\tensorflow\compiler\mlir\lite\mmap_allocation_disabled.cc">
      <Filter>Source Files</Filter>
    </ClCompile>
    <ClCompile Include="D:\tensorflow\tensorflow\compiler\mlir\lite\schema\schema_utils.cc">
      <Filter>Source Files</Filter>
    </ClCompile>
    <ClCompile Include="D:\tensorflow\tensorflow\compiler\mlir\lite\utils\string_utils.cc">
      <Filter>Source Files</Filter>
    </ClCompile>
  </ItemGroup>
  <ItemGroup>
    <ClInclude Include="D:\tensorflow\tensorflow\lite\core\acceleration\configuration\delegate_registry.h">
      <Filter>Header Files</Filter>
    </ClInclude>
    <ClInclude Include="D:\tensorflow\tensorflow\lite\core\acceleration\configuration\nnapi_plugin.h">
      <Filter>Header Files</Filter>
    </ClInclude>
    <ClInclude Include="D:\tensorflow\tensorflow\lite\core\acceleration\configuration\stable_delegate_registry.h">
      <Filter>Header Files</Filter>
    </ClInclude>
    <ClInclude Include="D:\tensorflow\tensorflow\lite\core\api\error_reporter.h">
      <Filter>Header Files</Filter>
    </ClInclude>
    <ClInclude Include="D:\tensorflow\tensorflow\lite\core\api\flatbuffer_conversions.h">
      <Filter>Header Files</Filter>
    </ClInclude>
    <ClInclude Include="D:\tensorflow\tensorflow\lite\core\api\op_resolver.h">
      <Filter>Header Files</Filter>
    </ClInclude>
    <ClInclude Include="D:\tensorflow\tensorflow\lite\core\api\op_resolver_internal.h">
      <Filter>Header Files</Filter>
    </ClInclude>
    <ClInclude Include="D:\tensorflow\tensorflow\lite\core\api\profiler.h">
      <Filter>Header Files</Filter>
    </ClInclude>
    <ClInclude Include="D:\tensorflow\tensorflow\lite\core\api\tensor_utils.h">
      <Filter>Header Files</Filter>
    </ClInclude>
    <ClInclude Include="D:\tensorflow\tensorflow\lite\core\api\verifier.h">
      <Filter>Header Files</Filter>
    </ClInclude>
    <ClInclude Include="D:\tensorflow\tensorflow\lite\core\async\c\async_kernel.h">
      <Filter>Header Files</Filter>
    </ClInclude>
    <ClInclude Include="D:\tensorflow\tensorflow\lite\core\async\c\async_signature_runner.h">
      <Filter>Header Files</Filter>
    </ClInclude>
    <ClInclude Include="D:\tensorflow\tensorflow\lite\core\async\c\internal.h">
      <Filter>Header Files</Filter>
    </ClInclude>
    <ClInclude Include="D:\tensorflow\tensorflow\lite\core\async\c\task.h">
      <Filter>Header Files</Filter>
    </ClInclude>
    <ClInclude Include="D:\tensorflow\tensorflow\lite\core\async\c\types.h">
      <Filter>Header Files</Filter>
    </ClInclude>
    <ClInclude Include="D:\tensorflow\tensorflow\lite\core\async\interop\c\attribute_map.h">
      <Filter>Header Files</Filter>
    </ClInclude>
    <ClInclude Include="D:\tensorflow\tensorflow\lite\core\async\interop\c\constants.h">
      <Filter>Header Files</Filter>
    </ClInclude>
    <ClInclude Include="D:\tensorflow\tensorflow\lite\core\async\interop\c\types.h">
      <Filter>Header Files</Filter>
    </ClInclude>
    <ClInclude Include="D:\tensorflow\tensorflow\lite\core\async\interop\attribute_map_internal.h">
      <Filter>Header Files</Filter>
    </ClInclude>
    <ClInclude Include="D:\tensorflow\tensorflow\lite\core\async\interop\reconcile_fns.h">
      <Filter>Header Files</Filter>
    </ClInclude>
    <ClInclude Include="D:\tensorflow\tensorflow\lite\core\async\interop\variant.h">
      <Filter>Header Files</Filter>
    </ClInclude>
    <ClInclude Include="D:\tensorflow\tensorflow\lite\core\async\async_kernel_internal.h">
      <Filter>Header Files</Filter>
    </ClInclude>
    <ClInclude Include="D:\tensorflow\tensorflow\lite\core\async\async_signature_runner.h">
      <Filter>Header Files</Filter>
    </ClInclude>
    <ClInclude Include="D:\tensorflow\tensorflow\lite\core\async\async_subgraph.h">
      <Filter>Header Files</Filter>
    </ClInclude>
    <ClInclude Include="D:\tensorflow\tensorflow\lite\core\async\backend_async_kernel_interface.h">
      <Filter>Header Files</Filter>
    </ClInclude>
    <ClInclude Include="D:\tensorflow\tensorflow\lite\core\async\task_internal.h">
      <Filter>Header Files</Filter>
    </ClInclude>
    <ClInclude Include="D:\tensorflow\tensorflow\lite\core\c\builtin_op_data.h">
      <Filter>Header Files</Filter>
    </ClInclude>
    <ClInclude Include="D:\tensorflow\tensorflow\lite\core\c\c_api.h">
      <Filter>Header Files</Filter>
    </ClInclude>
    <ClInclude Include="D:\tensorflow\tensorflow\lite\core\c\c_api_experimental.h">
      <Filter>Header Files</Filter>
    </ClInclude>
    <ClInclude Include="D:\tensorflow\tensorflow\lite\core\c\c_api_opaque.h">
      <Filter>Header Files</Filter>
    </ClInclude>
    <ClInclude Include="D:\tensorflow\tensorflow\lite\core\c\c_api_types.h">
      <Filter>Header Files</Filter>
    </ClInclude>
    <ClInclude Include="D:\tensorflow\tensorflow\lite\core\c\common.h">
      <Filter>Header Files</Filter>
    </ClInclude>
    <ClInclude Include="D:\tensorflow\tensorflow\lite\core\c\operator.h">
      <Filter>Header Files</Filter>
    </ClInclude>
    <ClInclude Include="D:\tensorflow\tensorflow\lite\core\experimental\acceleration\configuration\delegate_registry.h">
      <Filter>Header Files</Filter>
    </ClInclude>
    <ClInclude Include="D:\tensorflow\tensorflow\lite\core\experimental\acceleration\configuration\stable_delegate_registry.h">
      <Filter>Header Files</Filter>
    </ClInclude>
    <ClInclude Include="D:\tensorflow\tensorflow\lite\core\kernels\builtin_op_kernels.h">
      <Filter>Header Files</Filter>
    </ClInclude>
    <ClInclude Include="D:\tensorflow\tensorflow\lite\core\kernels\register.h">
      <Filter>Header Files</Filter>
    </ClInclude>
    <ClInclude Include="D:\tensorflow\tensorflow\lite\core\create_op_resolver.h">
      <Filter>Header Files</Filter>
    </ClInclude>
    <ClInclude Include="D:\tensorflow\tensorflow\lite\core\interpreter.h">
      <Filter>Header Files</Filter>
    </ClInclude>
    <ClInclude Include="D:\tensorflow\tensorflow\lite\core\interpreter_builder.h">
      <Filter>Header Files</Filter>
    </ClInclude>
    <ClInclude Include="D:\tensorflow\tensorflow\lite\core\macros.h">
      <Filter>Header Files</Filter>
    </ClInclude>
    <ClInclude Include="D:\tensorflow\tensorflow\lite\core\model.h">
      <Filter>Header Files</Filter>
    </ClInclude>
    <ClInclude Include="D:\tensorflow\tensorflow\lite\core\model_builder.h">
      <Filter>Header Files</Filter>
    </ClInclude>
    <ClInclude Include="D:\tensorflow\tensorflow\lite\core\model_building.h">
      <Filter>Header Files</Filter>
    </ClInclude>
    <ClInclude Include="D:\tensorflow\tensorflow\lite\core\signature_runner.h">
      <Filter>Header Files</Filter>
    </ClInclude>
    <ClInclude Include="D:\tensorflow\tensorflow\lite\core\subgraph.h">
      <Filter>Header Files</Filter>
    </ClInclude>
    <ClInclude Include="D:\tensorflow\tensorflow\lite\core\tools\verifier.h">
      <Filter>Header Files</Filter>
    </ClInclude>
    <ClInclude Include="D:\tensorflow\tensorflow\lite\core\tools\verifier_internal.h">
      <Filter>Header Files</Filter>
    </ClInclude>
    <ClInclude Include="D:\tensorflow\tensorflow\lite\c\builtin_op_data.h">
      <Filter>Header Files</Filter>
    </ClInclude>
    <ClInclude Include="D:\tensorflow\tensorflow\lite\c\c_api.h">
      <Filter>Header Files</Filter>
    </ClInclude>
    <ClInclude Include="D:\tensorflow\tensorflow\lite\c\c_api_experimental.h">
      <Filter>Header Files</Filter>
    </ClInclude>
    <ClInclude Include="D:\tensorflow\tensorflow\lite\c\c_api_for_testing.h">
      <Filter>Header Files</Filter>
    </ClInclude>
    <ClInclude Include="D:\tensorflow\tensorflow\lite\c\c_api_internal.h">
      <Filter>Header Files</Filter>
    </ClInclude>
    <ClInclude Include="D:\tensorflow\tensorflow\lite\c\c_api_opaque.h">
      <Filter>Header Files</Filter>
    </ClInclude>
    <ClInclude Include="D:\tensorflow\tensorflow\lite\c\c_api_opaque_internal.h">
      <Filter>Header Files</Filter>
    </ClInclude>
    <ClInclude Include="D:\tensorflow\tensorflow\lite\c\c_api_types.h">
      <Filter>Header Files</Filter>
    </ClInclude>
    <ClInclude Include="D:\tensorflow\tensorflow\lite\c\common.h">
      <Filter>Header Files</Filter>
    </ClInclude>
    <ClInclude Include="D:\tensorflow\tensorflow\lite\c\common_internal.h">
      <Filter>Header Files</Filter>
    </ClInclude>
    <ClInclude Include="D:\tensorflow\tensorflow\lite\delegates\external\external_delegate.h">
      <Filter>Header Files</Filter>
    </ClInclude>
    <ClInclude Include="D:\tensorflow\tensorflow\lite\delegates\external\external_delegate_interface.h">
      <Filter>Header Files</Filter>
    </ClInclude>
    <ClInclude Include="D:\tensorflow\tensorflow\lite\delegates\interpreter_utils.h">
      <Filter>Header Files</Filter>
    </ClInclude>
    <ClInclude Include="D:\tensorflow\tensorflow\lite\delegates\serialization.h">
      <Filter>Header Files</Filter>
    </ClInclude>
    <ClInclude Include="D:\tensorflow\tensorflow\lite\delegates\telemetry.h">
      <Filter>Header Files</Filter>
    </ClInclude>
    <ClInclude Include="D:\tensorflow\tensorflow\lite\delegates\utils.h">
      <Filter>Header Files</Filter>
    </ClInclude>
    <ClInclude Include="D:\tensorflow\tensorflow\lite\experimental\resource\cache_buffer.h">
      <Filter>Header Files</Filter>
    </ClInclude>
    <ClInclude Include="D:\tensorflow\tensorflow\lite\experimental\resource\initialization_status.h">
      <Filter>Header Files</Filter>
    </ClInclude>
    <ClInclude Include="D:\tensorflow\tensorflow\lite\experimental\resource\lookup_interfaces.h">
      <Filter>Header Files</Filter>
    </ClInclude>
    <ClInclude Include="D:\tensorflow\tensorflow\lite\experimental\resource\lookup_util.h">
      <Filter>Header Files</Filter>
    </ClInclude>
    <ClInclude Include="D:\tensorflow\tensorflow\lite\experimental\resource\resource_base.h">
      <Filter>Header Files</Filter>
    </ClInclude>
    <ClInclude Include="D:\tensorflow\tensorflow\lite\experimental\resource\resource_variable.h">
      <Filter>Header Files</Filter>
    </ClInclude>
    <ClInclude Include="D:\tensorflow\tensorflow\lite\experimental\resource\static_hashtable.h">
      <Filter>Header Files</Filter>
    </ClInclude>
    <ClInclude Include="D:\tensorflow\tensorflow\lite\kernels\internal\optimized\4bit\fully_connected_common.h">
      <Filter>Header Files</Filter>
    </ClInclude>
    <ClInclude Include="D:\tensorflow\tensorflow\lite\kernels\internal\optimized\4bit\fully_connected_reference.h">
      <Filter>Header Files</Filter>
    </ClInclude>
    <ClInclude Include="D:\tensorflow\tensorflow\lite\kernels\internal\optimized\4bit\fully_connected_reference_impl.h">
      <Filter>Header Files</Filter>
    </ClInclude>
    <ClInclude Include="D:\tensorflow\tensorflow\lite\kernels\internal\optimized\integer_ops\add.h">
      <Filter>Header Files</Filter>
    </ClInclude>
    <ClInclude Include="D:\tensorflow\tensorflow\lite\kernels\internal\optimized\integer_ops\conv.h">
      <Filter>Header Files</Filter>
    </ClInclude>
    <ClInclude Include="D:\tensorflow\tensorflow\lite\kernels\internal\optimized\integer_ops\depthwise_conv.h">
      <Filter>Header Files</Filter>
    </ClInclude>
    <ClInclude Include="D:\tensorflow\tensorflow\lite\kernels\internal\optimized\integer_ops\depthwise_conv_3x3_filter.h">
      <Filter>Header Files</Filter>
    </ClInclude>
    <ClInclude Include="D:\tensorflow\tensorflow\lite\kernels\internal\optimized\integer_ops\depthwise_conv_hybrid.h">
      <Filter>Header Files</Filter>
    </ClInclude>
    <ClInclude Include="D:\tensorflow\tensorflow\lite\kernels\internal\optimized\integer_ops\depthwise_conv_hybrid_3x3_filter.h">
      <Filter>Header Files</Filter>
    </ClInclude>
    <ClInclude Include="D:\tensorflow\tensorflow\lite\kernels\internal\optimized\integer_ops\fully_connected.h">
      <Filter>Header Files</Filter>
    </ClInclude>
    <ClInclude Include="D:\tensorflow\tensorflow\lite\kernels\internal\optimized\integer_ops\leaky_relu.h">
      <Filter>Header Files</Filter>
    </ClInclude>
    <ClInclude Include="D:\tensorflow\tensorflow\lite\kernels\internal\optimized\integer_ops\lut.h">
      <Filter>Header Files</Filter>
    </ClInclude>
    <ClInclude Include="D:\tensorflow\tensorflow\lite\kernels\internal\optimized\integer_ops\mean.h">
      <Filter>Header Files</Filter>
    </ClInclude>
    <ClInclude Include="D:\tensorflow\tensorflow\lite\kernels\internal\optimized\integer_ops\mul.h">
      <Filter>Header Files</Filter>
    </ClInclude>
    <ClInclude Include="D:\tensorflow\tensorflow\lite\kernels\internal\optimized\integer_ops\pooling.h">
      <Filter>Header Files</Filter>
    </ClInclude>
    <ClInclude Include="D:\tensorflow\tensorflow\lite\kernels\internal\optimized\integer_ops\sub.h">
      <Filter>Header Files</Filter>
    </ClInclude>
    <ClInclude Include="D:\tensorflow\tensorflow\lite\kernels\internal\optimized\integer_ops\transpose_conv.h">
      <Filter>Header Files</Filter>
    </ClInclude>
    <ClInclude Include="D:\tensorflow\tensorflow\lite\kernels\internal\optimized\sparse_ops\fully_connected.h">
      <Filter>Header Files</Filter>
    </ClInclude>
    <ClInclude Include="D:\tensorflow\tensorflow\lite\kernels\internal\optimized\avx2_quantization_utils.h">
      <Filter>Header Files</Filter>
    </ClInclude>
    <ClInclude Include="D:\tensorflow\tensorflow\lite\kernels\internal\optimized\batch_matmul.h">
      <Filter>Header Files</Filter>
    </ClInclude>
    <ClInclude Include="D:\tensorflow\tensorflow\lite\kernels\internal\optimized\cpu_check.h">
      <Filter>Header Files</Filter>
    </ClInclude>
    <ClInclude Include="D:\tensorflow\tensorflow\lite\kernels\internal\optimized\depthwiseconv_3x3_filter_common.h">
      <Filter>Header Files</Filter>
    </ClInclude>
    <ClInclude Include="D:\tensorflow\tensorflow\lite\kernels\internal\optimized\depthwiseconv_float.h">
      <Filter>Header Files</Filter>
    </ClInclude>
    <ClInclude Include="D:\tensorflow\tensorflow\lite\kernels\internal\optimized\depthwiseconv_multithread.h">
      <Filter>Header Files</Filter>
    </ClInclude>
    <ClInclude Include="D:\tensorflow\tensorflow\lite\kernels\internal\optimized\depthwiseconv_uint8.h">
      <Filter>Header Files</Filter>
    </ClInclude>
    <ClInclude Include="D:\tensorflow\tensorflow\lite\kernels\internal\optimized\depthwiseconv_uint8_3x3_filter.h">
      <Filter>Header Files</Filter>
    </ClInclude>
    <ClInclude Include="D:\tensorflow\tensorflow\lite\kernels\internal\optimized\depthwiseconv_uint8_transitional.h">
      <Filter>Header Files</Filter>
    </ClInclude>
    <ClInclude Include="D:\tensorflow\tensorflow\lite\kernels\internal\optimized\eigen_spatial_convolutions.h">
      <Filter>Header Files</Filter>
    </ClInclude>
    <ClInclude Include="D:\tensorflow\tensorflow\lite\kernels\internal\optimized\fully_connected_4bit.h">
      <Filter>Header Files</Filter>
    </ClInclude>
    <ClInclude Include="D:\tensorflow\tensorflow\lite\kernels\internal\optimized\im2col_utils.h">
      <Filter>Header Files</Filter>
    </ClInclude>
    <ClInclude Include="D:\tensorflow\tensorflow\lite\kernels\internal\optimized\legacy_optimized_ops.h">
      <Filter>Header Files</Filter>
    </ClInclude>
    <ClInclude Include="D:\tensorflow\tensorflow\lite\kernels\internal\optimized\multithreaded_conv.h">
      <Filter>Header Files</Filter>
    </ClInclude>
    <ClInclude Include="D:\tensorflow\tensorflow\lite\kernels\internal\optimized\neon_check.h">
      <Filter>Header Files</Filter>
    </ClInclude>
    <ClInclude Include="D:\tensorflow\tensorflow\lite\kernels\internal\optimized\neon_tensor_utils.h">
      <Filter>Header Files</Filter>
    </ClInclude>
    <ClInclude Include="D:\tensorflow\tensorflow\lite\kernels\internal\optimized\neon_tensor_utils_impl.h">
      <Filter>Header Files</Filter>
    </ClInclude>
    <ClInclude Include="D:\tensorflow\tensorflow\lite\kernels\internal\optimized\optimized_ops.h">
      <Filter>Header Files</Filter>
    </ClInclude>
    <ClInclude Include="D:\tensorflow\tensorflow\lite\kernels\internal\optimized\optimized_ops_utils.h">
      <Filter>Header Files</Filter>
    </ClInclude>
    <ClInclude Include="D:\tensorflow\tensorflow\lite\kernels\internal\optimized\reduce.h">
      <Filter>Header Files</Filter>
    </ClInclude>
    <ClInclude Include="D:\tensorflow\tensorflow\lite\kernels\internal\optimized\reduce_utils.h">
      <Filter>Header Files</Filter>
    </ClInclude>
    <ClInclude Include="D:\tensorflow\tensorflow\lite\kernels\internal\optimized\resize_bilinear.h">
      <Filter>Header Files</Filter>
    </ClInclude>
    <ClInclude Include="D:\tensorflow\tensorflow\lite\kernels\internal\optimized\sse_check.h">
      <Filter>Header Files</Filter>
    </ClInclude>
    <ClInclude Include="D:\tensorflow\tensorflow\lite\kernels\internal\optimized\sse_tensor_utils.h">
      <Filter>Header Files</Filter>
    </ClInclude>
    <ClInclude Include="D:\tensorflow\tensorflow\lite\kernels\internal\optimized\sse_tensor_utils_impl.h">
      <Filter>Header Files</Filter>
    </ClInclude>
    <ClInclude Include="D:\tensorflow\tensorflow\lite\kernels\internal\reference\integer_ops\add.h">
      <Filter>Header Files</Filter>
    </ClInclude>
    <ClInclude Include="D:\tensorflow\tensorflow\lite\kernels\internal\reference\integer_ops\conv.h">
      <Filter>Header Files</Filter>
    </ClInclude>
    <ClInclude Include="D:\tensorflow\tensorflow\lite\kernels\internal\reference\integer_ops\depthwise_conv.h">
      <Filter>Header Files</Filter>
    </ClInclude>
    <ClInclude Include="D:\tensorflow\tensorflow\lite\kernels\internal\reference\integer_ops\dequantize.h">
      <Filter>Header Files</Filter>
    </ClInclude>
    <ClInclude Include="D:\tensorflow\tensorflow\lite\kernels\internal\reference\integer_ops\fully_connected.h">
      <Filter>Header Files</Filter>
    </ClInclude>
    <ClInclude Include="D:\tensorflow\tensorflow\lite\kernels\internal\reference\integer_ops\l2normalization.h">
      <Filter>Header Files</Filter>
    </ClInclude>
    <ClInclude Include="D:\tensorflow\tensorflow\lite\kernels\internal\reference\integer_ops\log_softmax.h">
      <Filter>Header Files</Filter>
    </ClInclude>
    <ClInclude Include="D:\tensorflow\tensorflow\lite\kernels\internal\reference\integer_ops\logistic.h">
      <Filter>Header Files</Filter>
    </ClInclude>
    <ClInclude Include="D:\tensorflow\tensorflow\lite\kernels\internal\reference\integer_ops\lut.h">
      <Filter>Header Files</Filter>
    </ClInclude>
    <ClInclude Include="D:\tensorflow\tensorflow\lite\kernels\internal\reference\integer_ops\mean.h">
      <Filter>Header Files</Filter>
    </ClInclude>
    <ClInclude Include="D:\tensorflow\tensorflow\lite\kernels\internal\reference\integer_ops\mul.h">
      <Filter>Header Files</Filter>
    </ClInclude>
    <ClInclude Include="D:\tensorflow\tensorflow\lite\kernels\internal\reference\integer_ops\pooling.h">
      <Filter>Header Files</Filter>
    </ClInclude>
    <ClInclude Include="D:\tensorflow\tensorflow\lite\kernels\internal\reference\integer_ops\tanh.h">
      <Filter>Header Files</Filter>
    </ClInclude>
    <ClInclude Include="D:\tensorflow\tensorflow\lite\kernels\internal\reference\integer_ops\transpose_conv.h">
      <Filter>Header Files</Filter>
    </ClInclude>
    <ClInclude Include="D:\tensorflow\tensorflow\lite\kernels\internal\reference\sparse_ops\fully_connected.h">
      <Filter>Header Files</Filter>
    </ClInclude>
    <ClInclude Include="D:\tensorflow\tensorflow\lite\kernels\internal\reference\add.h">
      <Filter>Header Files</Filter>
    </ClInclude>
    <ClInclude Include="D:\tensorflow\tensorflow\lite\kernels\internal\reference\add_n.h">
      <Filter>Header Files</Filter>
    </ClInclude>
    <ClInclude Include="D:\tensorflow\tensorflow\lite\kernels\internal\reference\arg_min_max.h">
      <Filter>Header Files</Filter>
    </ClInclude>
    <ClInclude Include="D:\tensorflow\tensorflow\lite\kernels\internal\reference\batch_matmul.h">
      <Filter>Header Files</Filter>
    </ClInclude>
    <ClInclude Include="D:\tensorflow\tensorflow\lite\kernels\internal\reference\batch_to_space_nd.h">
      <Filter>Header Files</Filter>
    </ClInclude>
    <ClInclude Include="D:\tensorflow\tensorflow\lite\kernels\internal\reference\binary_function.h">
      <Filter>Header Files</Filter>
    </ClInclude>
    <ClInclude Include="D:\tensorflow\tensorflow\lite\kernels\internal\reference\broadcast_args.h">
      <Filter>Header Files</Filter>
    </ClInclude>
    <ClInclude Include="D:\tensorflow\tensorflow\lite\kernels\internal\reference\broadcast_to.h">
      <Filter>Header Files</Filter>
    </ClInclude>
    <ClInclude Include="D:\tensorflow\tensorflow\lite\kernels\internal\reference\cast.h">
      <Filter>Header Files</Filter>
    </ClInclude>
    <ClInclude Include="D:\tensorflow\tensorflow\lite\kernels\internal\reference\ceil.h">
      <Filter>Header Files</Filter>
    </ClInclude>
    <ClInclude Include="D:\tensorflow\tensorflow\lite\kernels\internal\reference\comparisons.h">
      <Filter>Header Files</Filter>
    </ClInclude>
    <ClInclude Include="D:\tensorflow\tensorflow\lite\kernels\internal\reference\concatenation.h">
      <Filter>Header Files</Filter>
    </ClInclude>
    <ClInclude Include="D:\tensorflow\tensorflow\lite\kernels\internal\reference\conv.h">
      <Filter>Header Files</Filter>
    </ClInclude>
    <ClInclude Include="D:\tensorflow\tensorflow\lite\kernels\internal\reference\conv3d.h">
      <Filter>Header Files</Filter>
    </ClInclude>
    <ClInclude Include="D:\tensorflow\tensorflow\lite\kernels\internal\reference\conv3d_transpose.h">
      <Filter>Header Files</Filter>
    </ClInclude>
    <ClInclude Include="D:\tensorflow\tensorflow\lite\kernels\internal\reference\cumsum.h">
      <Filter>Header Files</Filter>
    </ClInclude>
    <ClInclude Include="D:\tensorflow\tensorflow\lite\kernels\internal\reference\densify.h">
      <Filter>Header Files</Filter>
    </ClInclude>
    <ClInclude Include="D:\tensorflow\tensorflow\lite\kernels\internal\reference\depth_to_space.h">
      <Filter>Header Files</Filter>
    </ClInclude>
    <ClInclude Include="D:\tensorflow\tensorflow\lite\kernels\internal\reference\depthwiseconv_float.h">
      <Filter>Header Files</Filter>
    </ClInclude>
    <ClInclude Include="D:\tensorflow\tensorflow\lite\kernels\internal\reference\depthwiseconv_uint8.h">
      <Filter>Header Files</Filter>
    </ClInclude>
    <ClInclude Include="D:\tensorflow\tensorflow\lite\kernels\internal\reference\dequantize.h">
      <Filter>Header Files</Filter>
    </ClInclude>
    <ClInclude Include="D:\tensorflow\tensorflow\lite\kernels\internal\reference\div.h">
      <Filter>Header Files</Filter>
    </ClInclude>
    <ClInclude Include="D:\tensorflow\tensorflow\lite\kernels\internal\reference\elu.h">
      <Filter>Header Files</Filter>
    </ClInclude>
    <ClInclude Include="D:\tensorflow\tensorflow\lite\kernels\internal\reference\exp.h">
      <Filter>Header Files</Filter>
    </ClInclude>
    <ClInclude Include="D:\tensorflow\tensorflow\lite\kernels\internal\reference\fill.h">
      <Filter>Header Files</Filter>
    </ClInclude>
    <ClInclude Include="D:\tensorflow\tensorflow\lite\kernels\internal\reference\floor.h">
      <Filter>Header Files</Filter>
    </ClInclude>
    <ClInclude Include="D:\tensorflow\tensorflow\lite\kernels\internal\reference\floor_div.h">
      <Filter>Header Files</Filter>
    </ClInclude>
    <ClInclude Include="D:\tensorflow\tensorflow\lite\kernels\internal\reference\floor_mod.h">
      <Filter>Header Files</Filter>
    </ClInclude>
    <ClInclude Include="D:\tensorflow\tensorflow\lite\kernels\internal\reference\fully_connected.h">
      <Filter>Header Files</Filter>
    </ClInclude>
    <ClInclude Include="D:\tensorflow\tensorflow\lite\kernels\internal\reference\gather.h">
      <Filter>Header Files</Filter>
    </ClInclude>
    <ClInclude Include="D:\tensorflow\tensorflow\lite\kernels\internal\reference\gelu.h">
      <Filter>Header Files</Filter>
    </ClInclude>
    <ClInclude Include="D:\tensorflow\tensorflow\lite\kernels\internal\reference\hard_swish.h">
      <Filter>Header Files</Filter>
    </ClInclude>
    <ClInclude Include="D:\tensorflow\tensorflow\lite\kernels\internal\reference\l2normalization.h">
      <Filter>Header Files</Filter>
    </ClInclude>
    <ClInclude Include="D:\tensorflow\tensorflow\lite\kernels\internal\reference\leaky_relu.h">
      <Filter>Header Files</Filter>
    </ClInclude>
    <ClInclude Include="D:\tensorflow\tensorflow\lite\kernels\internal\reference\legacy_reference_ops.h">
      <Filter>Header Files</Filter>
    </ClInclude>
    <ClInclude Include="D:\tensorflow\tensorflow\lite\kernels\internal\reference\log_softmax.h">
      <Filter>Header Files</Filter>
    </ClInclude>
    <ClInclude Include="D:\tensorflow\tensorflow\lite\kernels\internal\reference\logistic.h">
      <Filter>Header Files</Filter>
    </ClInclude>
    <ClInclude Include="D:\tensorflow\tensorflow\lite\kernels\internal\reference\lstm_cell.h">
      <Filter>Header Files</Filter>
    </ClInclude>
    <ClInclude Include="D:\tensorflow\tensorflow\lite\kernels\internal\reference\maximum_minimum.h">
      <Filter>Header Files</Filter>
    </ClInclude>
    <ClInclude Include="D:\tensorflow\tensorflow\lite\kernels\internal\reference\mul.h">
      <Filter>Header Files</Filter>
    </ClInclude>
    <ClInclude Include="D:\tensorflow\tensorflow\lite\kernels\internal\reference\neg.h">
      <Filter>Header Files</Filter>
    </ClInclude>
    <ClInclude Include="D:\tensorflow\tensorflow\lite\kernels\internal\reference\non_max_suppression.h">
      <Filter>Header Files</Filter>
    </ClInclude>
    <ClInclude Include="D:\tensorflow\tensorflow\lite\kernels\internal\reference\pad.h">
      <Filter>Header Files</Filter>
    </ClInclude>
    <ClInclude Include="D:\tensorflow\tensorflow\lite\kernels\internal\reference\pooling.h">
      <Filter>Header Files</Filter>
    </ClInclude>
    <ClInclude Include="D:\tensorflow\tensorflow\lite\kernels\internal\reference\portable_tensor_utils.h">
      <Filter>Header Files</Filter>
    </ClInclude>
    <ClInclude Include="D:\tensorflow\tensorflow\lite\kernels\internal\reference\portable_tensor_utils_impl.h">
      <Filter>Header Files</Filter>
    </ClInclude>
    <ClInclude Include="D:\tensorflow\tensorflow\lite\kernels\internal\reference\prelu.h">
      <Filter>Header Files</Filter>
    </ClInclude>
    <ClInclude Include="D:\tensorflow\tensorflow\lite\kernels\internal\reference\process_broadcast_shapes.h">
      <Filter>Header Files</Filter>
    </ClInclude>
    <ClInclude Include="D:\tensorflow\tensorflow\lite\kernels\internal\reference\quantize.h">
      <Filter>Header Files</Filter>
    </ClInclude>
    <ClInclude Include="D:\tensorflow\tensorflow\lite\kernels\internal\reference\reduce.h">
      <Filter>Header Files</Filter>
    </ClInclude>
    <ClInclude Include="D:\tensorflow\tensorflow\lite\kernels\internal\reference\reference_ops.h">
      <Filter>Header Files</Filter>
    </ClInclude>
    <ClInclude Include="D:\tensorflow\tensorflow\lite\kernels\internal\reference\requantize.h">
      <Filter>Header Files</Filter>
    </ClInclude>
    <ClInclude Include="D:\tensorflow\tensorflow\lite\kernels\internal\reference\resize_bilinear.h">
      <Filter>Header Files</Filter>
    </ClInclude>
    <ClInclude Include="D:\tensorflow\tensorflow\lite\kernels\internal\reference\resize_nearest_neighbor.h">
      <Filter>Header Files</Filter>
    </ClInclude>
    <ClInclude Include="D:\tensorflow\tensorflow\lite\kernels\internal\reference\round.h">
      <Filter>Header Files</Filter>
    </ClInclude>
    <ClInclude Include="D:\tensorflow\tensorflow\lite\kernels\internal\reference\select.h">
      <Filter>Header Files</Filter>
    </ClInclude>
    <ClInclude Include="D:\tensorflow\tensorflow\lite\kernels\internal\reference\slice.h">
      <Filter>Header Files</Filter>
    </ClInclude>
    <ClInclude Include="D:\tensorflow\tensorflow\lite\kernels\internal\reference\softmax.h">
      <Filter>Header Files</Filter>
    </ClInclude>
    <ClInclude Include="D:\tensorflow\tensorflow\lite\kernels\internal\reference\space_to_batch_nd.h">
      <Filter>Header Files</Filter>
    </ClInclude>
    <ClInclude Include="D:\tensorflow\tensorflow\lite\kernels\internal\reference\space_to_depth.h">
      <Filter>Header Files</Filter>
    </ClInclude>
    <ClInclude Include="D:\tensorflow\tensorflow\lite\kernels\internal\reference\strided_slice.h">
      <Filter>Header Files</Filter>
    </ClInclude>
    <ClInclude Include="D:\tensorflow\tensorflow\lite\kernels\internal\reference\string_comparisons.h">
      <Filter>Header Files</Filter>
    </ClInclude>
    <ClInclude Include="D:\tensorflow\tensorflow\lite\kernels\internal\reference\sub.h">
      <Filter>Header Files</Filter>
    </ClInclude>
    <ClInclude Include="D:\tensorflow\tensorflow\lite\kernels\internal\reference\svdf.h">
      <Filter>Header Files</Filter>
    </ClInclude>
    <ClInclude Include="D:\tensorflow\tensorflow\lite\kernels\internal\reference\tanh.h">
      <Filter>Header Files</Filter>
    </ClInclude>
    <ClInclude Include="D:\tensorflow\tensorflow\lite\kernels\internal\reference\transpose.h">
      <Filter>Header Files</Filter>
    </ClInclude>
    <ClInclude Include="D:\tensorflow\tensorflow\lite\kernels\internal\reference\transpose_conv.h">
      <Filter>Header Files</Filter>
    </ClInclude>
    <ClInclude Include="D:\tensorflow\tensorflow\lite\kernels\internal\common.h">
      <Filter>Header Files</Filter>
    </ClInclude>
    <ClInclude Include="D:\tensorflow\tensorflow\lite\kernels\internal\compatibility.h">
      <Filter>Header Files</Filter>
    </ClInclude>
    <ClInclude Include="D:\tensorflow\tensorflow\lite\kernels\internal\constants.h">
      <Filter>Header Files</Filter>
    </ClInclude>
    <ClInclude Include="D:\tensorflow\tensorflow\lite\kernels\internal\cppmath.h">
      <Filter>Header Files</Filter>
    </ClInclude>
    <ClInclude Include="D:\tensorflow\tensorflow\lite\kernels\internal\kernel_utils.h">
      <Filter>Header Files</Filter>
    </ClInclude>
    <ClInclude Include="D:\tensorflow\tensorflow\lite\kernels\internal\legacy_types.h">
      <Filter>Header Files</Filter>
    </ClInclude>
    <ClInclude Include="D:\tensorflow\tensorflow\lite\kernels\internal\max.h">
      <Filter>Header Files</Filter>
    </ClInclude>
    <ClInclude Include="D:\tensorflow\tensorflow\lite\kernels\internal\mfcc.h">
      <Filter>Header Files</Filter>
    </ClInclude>
    <ClInclude Include="D:\tensorflow\tensorflow\lite\kernels\internal\mfcc_dct.h">
      <Filter>Header Files</Filter>
    </ClInclude>
    <ClInclude Include="D:\tensorflow\tensorflow\lite\kernels\internal\mfcc_mel_filterbank.h">
      <Filter>Header Files</Filter>
    </ClInclude>
    <ClInclude Include="D:\tensorflow\tensorflow\lite\kernels\internal\min.h">
      <Filter>Header Files</Filter>
    </ClInclude>
    <ClInclude Include="D:\tensorflow\tensorflow\lite\kernels\internal\opaque_tensor_ctypes.h">
      <Filter>Header Files</Filter>
    </ClInclude>
    <ClInclude Include="D:\tensorflow\tensorflow\lite\kernels\internal\portable_tensor.h">
      <Filter>Header Files</Filter>
    </ClInclude>
    <ClInclude Include="D:\tensorflow\tensorflow\lite\kernels\internal\portable_tensor_utils.h">
      <Filter>Header Files</Filter>
    </ClInclude>
    <ClInclude Include="D:\tensorflow\tensorflow\lite\kernels\internal\quantization_util.h">
      <Filter>Header Files</Filter>
    </ClInclude>
    <ClInclude Include="D:\tensorflow\tensorflow\lite\kernels\internal\reduce_common.h">
      <Filter>Header Files</Filter>
    </ClInclude>
    <ClInclude Include="D:\tensorflow\tensorflow\lite\kernels\internal\runtime_shape.h">
      <Filter>Header Files</Filter>
    </ClInclude>
    <ClInclude Include="D:\tensorflow\tensorflow\lite\kernels\internal\spectrogram.h">
      <Filter>Header Files</Filter>
    </ClInclude>
    <ClInclude Include="D:\tensorflow\tensorflow\lite\kernels\internal\strided_slice_logic.h">
      <Filter>Header Files</Filter>
    </ClInclude>
    <ClInclude Include="D:\tensorflow\tensorflow\lite\kernels\internal\tensor.h">
      <Filter>Header Files</Filter>
    </ClInclude>
    <ClInclude Include="D:\tensorflow\tensorflow\lite\kernels\internal\tensor_ctypes.h">
      <Filter>Header Files</Filter>
    </ClInclude>
    <ClInclude Include="D:\tensorflow\tensorflow\lite\kernels\internal\tensor_utils.h">
      <Filter>Header Files</Filter>
    </ClInclude>
    <ClInclude Include="D:\tensorflow\tensorflow\lite\kernels\internal\transpose_utils.h">
      <Filter>Header Files</Filter>
    </ClInclude>
    <ClInclude Include="D:\tensorflow\tensorflow\lite\kernels\internal\types.h">
      <Filter>Header Files</Filter>
    </ClInclude>
    <ClInclude Include="D:\tensorflow\tensorflow\lite\kernels\builtin_op_kernels.h">
      <Filter>Header Files</Filter>
    </ClInclude>
    <ClInclude Include="D:\tensorflow\tensorflow\lite\kernels\control_flow_common.h">
      <Filter>Header Files</Filter>
    </ClInclude>
    <ClInclude Include="D:\tensorflow\tensorflow\lite\kernels\cpu_backend_context.h">
      <Filter>Header Files</Filter>
    </ClInclude>
    <ClInclude Include="D:\tensorflow\tensorflow\lite\kernels\cpu_backend_gemm.h">
      <Filter>Header Files</Filter>
    </ClInclude>
    <ClInclude Include="D:\tensorflow\tensorflow\lite\kernels\cpu_backend_gemm_custom_gemv.h">
      <Filter>Header Files</Filter>
    </ClInclude>
    <ClInclude Include="D:\tensorflow\tensorflow\lite\kernels\cpu_backend_gemm_eigen.h">
      <Filter>Header Files</Filter>
    </ClInclude>
    <ClInclude Include="D:\tensorflow\tensorflow\lite\kernels\cpu_backend_gemm_gemmlowp.h">
      <Filter>Header Files</Filter>
    </ClInclude>
    <ClInclude Include="D:\tensorflow\tensorflow\lite\kernels\cpu_backend_gemm_params.h">
      <Filter>Header Files</Filter>
    </ClInclude>
    <ClInclude Include="D:\tensorflow\tensorflow\lite\kernels\cpu_backend_gemm_ruy.h">
      <Filter>Header Files</Filter>
    </ClInclude>
    <ClInclude Include="D:\tensorflow\tensorflow\lite\kernels\cpu_backend_gemm_x86.h">
      <Filter>Header Files</Filter>
    </ClInclude>
    <ClInclude Include="D:\tensorflow\tensorflow\lite\kernels\cpu_backend_threadpool.h">
      <Filter>Header Files</Filter>
    </ClInclude>
    <ClInclude Include="D:\tensorflow\tensorflow\lite\kernels\custom_ops_register.h">
      <Filter>Header Files</Filter>
    </ClInclude>
    <ClInclude Include="D:\tensorflow\tensorflow\lite\kernels\dequantize.h">
      <Filter>Header Files</Filter>
    </ClInclude>
    <ClInclude Include="D:\tensorflow\tensorflow\lite\kernels\eigen_support.h">
      <Filter>Header Files</Filter>
    </ClInclude>
    <ClInclude Include="D:\tensorflow\tensorflow\lite\kernels\fully_connected.h">
      <Filter>Header Files</Filter>
    </ClInclude>
    <ClInclude Include="D:\tensorflow\tensorflow\lite\kernels\gru_cell.h">
      <Filter>Header Files</Filter>
    </ClInclude>
    <ClInclude Include="D:\tensorflow\tensorflow\lite\kernels\kernel_util.h">
      <Filter>Header Files</Filter>
    </ClInclude>
    <ClInclude Include="D:\tensorflow\tensorflow\lite\kernels\lstm_eval.h">
      <Filter>Header Files</Filter>
    </ClInclude>
    <ClInclude Include="D:\tensorflow\tensorflow\lite\kernels\lstm_shared.h">
      <Filter>Header Files</Filter>
    </ClInclude>
    <ClInclude Include="D:\tensorflow\tensorflow\lite\kernels\op_macros.h">
      <Filter>Header Files</Filter>
    </ClInclude>
    <ClInclude Include="D:\tensorflow\tensorflow\lite\kernels\padding.h">
      <Filter>Header Files</Filter>
    </ClInclude>
    <ClInclude Include="D:\tensorflow\tensorflow\lite\kernels\register.h">
      <Filter>Header Files</Filter>
    </ClInclude>
    <ClInclude Include="D:\tensorflow\tensorflow\lite\kernels\register_ref.h">
      <Filter>Header Files</Filter>
    </ClInclude>
    <ClInclude Include="D:\tensorflow\tensorflow\lite\kernels\rng_util.h">
      <Filter>Header Files</Filter>
    </ClInclude>
    <ClInclude Include="D:\tensorflow\tensorflow\lite\kernels\stablehlo_elementwise.h">
      <Filter>Header Files</Filter>
    </ClInclude>
    <ClInclude Include="D:\tensorflow\tensorflow\lite\kernels\tensor_slice_util.h">
      <Filter>Header Files</Filter>
    </ClInclude>
    <ClInclude Include="D:\tensorflow\tensorflow\lite\profiling\root_profiler.h">
      <Filter>Header Files</Filter>
    </ClInclude>
    <ClInclude Include="D:\tensorflow\tensorflow\lite\profiling\telemetry\profiler.h">
      <Filter>Header Files</Filter>
    </ClInclude>
    <ClInclude Include="D:\tensorflow\tensorflow\lite\profiling\telemetry\c\telemetry_setting_internal.h">
      <Filter>Header Files</Filter>
    </ClInclude>
    <ClInclude Include="D:\tensorflow\tensorflow\lite\profiling\telemetry\c\profiler.h">
      <Filter>Header Files</Filter>
    </ClInclude>
    <ClInclude Include="D:\tensorflow\tensorflow\lite\profiling\telemetry\c\telemetry_setting.h">
      <Filter>Header Files</Filter>
    </ClInclude>
    <ClInclude Include="D:\tensorflow\tensorflow\lite\profiling\telemetry\telemetry_status.h">
      <Filter>Header Files</Filter>
    </ClInclude>
    <ClInclude Include="D:\tensorflow\tensorflow\lite\internal\signature_def.h">
      <Filter>Header Files</Filter>
    </ClInclude>
    <ClInclude Include="D:\tensorflow\tensorflow\lite\schema\conversion_metadata_generated.h">
      <Filter>Header Files</Filter>
    </ClInclude>
    <ClInclude Include="D:\tensorflow\tensorflow\lite\schema\schema_generated.h">
      <Filter>Header Files</Filter>
    </ClInclude>
    <ClInclude Include="D:\tensorflow\tensorflow\lite\allocation.h">
      <Filter>Header Files</Filter>
    </ClInclude>
    <ClInclude Include="D:\tensorflow\tensorflow\lite\arena_planner.h">
      <Filter>Header Files</Filter>
    </ClInclude>
    <ClInclude Include="D:\tensorflow\tensorflow\lite\array.h">
      <Filter>Header Files</Filter>
    </ClInclude>
    <ClInclude Include="D:\tensorflow\tensorflow\lite\builtin_op_data.h">
      <Filter>Header Files</Filter>
    </ClInclude>
    <ClInclude Include="D:\tensorflow\tensorflow\lite\builtin_ops.h">
      <Filter>Header Files</Filter>
    </ClInclude>
    <ClInclude Include="D:\tensorflow\tensorflow\lite\context.h">
      <Filter>Header Files</Filter>
    </ClInclude>
    <ClInclude Include="D:\tensorflow\tensorflow\lite\context_util.h">
      <Filter>Header Files</Filter>
    </ClInclude>
    <ClInclude Include="D:\tensorflow\tensorflow\lite\create_op_resolver.h">
      <Filter>Header Files</Filter>
    </ClInclude>
    <ClInclude Include="D:\tensorflow\tensorflow\lite\error_reporter.h">
      <Filter>Header Files</Filter>
    </ClInclude>
    <ClInclude Include="D:\tensorflow\tensorflow\lite\external_cpu_backend_context.h">
      <Filter>Header Files</Filter>
    </ClInclude>
    <ClInclude Include="D:\tensorflow\tensorflow\lite\graph_info.h">
      <Filter>Header Files</Filter>
    </ClInclude>
    <ClInclude Include="D:\tensorflow\tensorflow\lite\interpreter.h">
      <Filter>Header Files</Filter>
    </ClInclude>
    <ClInclude Include="D:\tensorflow\tensorflow\lite\interpreter_builder.h">
      <Filter>Header Files</Filter>
    </ClInclude>
    <ClInclude Include="D:\tensorflow\tensorflow\lite\interpreter_options.h">
      <Filter>Header Files</Filter>
    </ClInclude>
    <ClInclude Include="D:\tensorflow\tensorflow\lite\logger.h">
      <Filter>Header Files</Filter>
    </ClInclude>
    <ClInclude Include="D:\tensorflow\tensorflow\lite\memory_planner.h">
      <Filter>Header Files</Filter>
    </ClInclude>
    <ClInclude Include="D:\tensorflow\tensorflow\lite\minimal_logging.h">
      <Filter>Header Files</Filter>
    </ClInclude>
    <ClInclude Include="D:\tensorflow\tensorflow\lite\model.h">
      <Filter>Header Files</Filter>
    </ClInclude>
    <ClInclude Include="D:\tensorflow\tensorflow\lite\model_builder.h">
      <Filter>Header Files</Filter>
    </ClInclude>
    <ClInclude Include="D:\tensorflow\tensorflow\lite\mutable_op_resolver.h">
      <Filter>Header Files</Filter>
    </ClInclude>
    <ClInclude Include="D:\tensorflow\tensorflow\lite\mutable_op_resolver_utils.h">
      <Filter>Header Files</Filter>
    </ClInclude>
    <ClInclude Include="D:\tensorflow\tensorflow\lite\namespace.h">
      <Filter>Header Files</Filter>
    </ClInclude>
    <ClInclude Include="D:\tensorflow\tensorflow\lite\op_resolver.h">
      <Filter>Header Files</Filter>
    </ClInclude>
    <ClInclude Include="D:\tensorflow\tensorflow\lite\optional_debug_tools.h">
      <Filter>Header Files</Filter>
    </ClInclude>
    <ClInclude Include="D:\tensorflow\tensorflow\lite\portable_type_to_tflitetype.h">
      <Filter>Header Files</Filter>
    </ClInclude>
    <ClInclude Include="D:\tensorflow\tensorflow\lite\shared_library.h">
      <Filter>Header Files</Filter>
    </ClInclude>
    <ClInclude Include="D:\tensorflow\tensorflow\lite\signature_runner.h">
      <Filter>Header Files</Filter>
    </ClInclude>
    <ClInclude Include="D:\tensorflow\tensorflow\lite\simple_memory_arena.h">
      <Filter>Header Files</Filter>
    </ClInclude>
    <ClInclude Include="D:\tensorflow\tensorflow\lite\simple_planner.h">
      <Filter>Header Files</Filter>
    </ClInclude>
    <ClInclude Include="D:\tensorflow\tensorflow\lite\stateful_error_reporter.h">
      <Filter>Header Files</Filter>
    </ClInclude>
    <ClInclude Include="D:\tensorflow\tensorflow\lite\stderr_reporter.h">
      <Filter>Header Files</Filter>
    </ClInclude>
    <ClInclude Include="D:\tensorflow\tensorflow\lite\string_type.h">
      <Filter>Header Files</Filter>
    </ClInclude>
    <ClInclude Include="D:\tensorflow\tensorflow\lite\string_util.h">
      <Filter>Header Files</Filter>
    </ClInclude>
    <ClInclude Include="D:\tensorflow\tensorflow\lite\tensorflow_profiler_logger.h">
      <Filter>Header Files</Filter>
    </ClInclude>
    <ClInclude Include="D:\tensorflow\tensorflow\lite\tflite_with_xnnpack_optional.h">
      <Filter>Header Files</Filter>
    </ClInclude>
    <ClInclude Include="D:\tensorflow\tensorflow\lite\type_to_tflitetype.h">
      <Filter>Header Files</Filter>
    </ClInclude>
    <ClInclude Include="D:\tensorflow\tensorflow\lite\util.h">
      <Filter>Header Files</Filter>
    </ClInclude>
    <ClInclude Include="D:\tensorflow\tensorflow\lite\version.h">
      <Filter>Header Files</Filter>
    </ClInclude>
    <ClInclude Include="D:\tensorflow\tensorflow\compiler\mlir\lite\allocation.h">
      <Filter>Header Files</Filter>
    </ClInclude>
    <ClInclude Include="D:\tensorflow\tensorflow\compiler\mlir\lite\core\api\error_reporter.h">
      <Filter>Header Files</Filter>
    </ClInclude>
    <ClInclude Include="D:\tensorflow\tensorflow\compiler\mlir\lite\core\api\verifier.h">
      <Filter>Header Files</Filter>
    </ClInclude>
    <ClInclude Include="D:\tensorflow\tensorflow\compiler\mlir\lite\core\c\tflite_types.h">
      <Filter>Header Files</Filter>
    </ClInclude>
    <ClInclude Include="D:\tensorflow\tensorflow\compiler\mlir\lite\core\macros.h">
      <Filter>Header Files</Filter>
    </ClInclude>
    <ClInclude Include="D:\tensorflow\tensorflow\compiler\mlir\lite\core\model_builder_base.h">
      <Filter>Header Files</Filter>
    </ClInclude>
    <ClInclude Include="D:\tensorflow\tensorflow\compiler\mlir\lite\experimental\remat\metadata_util.h">
      <Filter>Header Files</Filter>
    </ClInclude>
    <ClInclude Include="D:\tensorflow\tensorflow\compiler\mlir\lite\schema\conversion_metadata_generated.h">
      <Filter>Header Files</Filter>
    </ClInclude>
    <ClInclude Include="D:\tensorflow\tensorflow\compiler\mlir\lite\schema\schema_generated.h">
      <Filter>Header Files</Filter>
    </ClInclude>
    <ClInclude Include="D:\tensorflow\tensorflow\compiler\mlir\lite\utils\control_edges.h">
      <Filter>Header Files</Filter>
    </ClInclude>
    <ClInclude Include="D:\tensorflow\tensorflow\compiler\mlir\lite\utils\string_utils.h">
      <Filter>Header Files</Filter>
    </ClInclude>
  </ItemGroup>
  <ItemGroup>
    <CustomBuild Include="D:\tensorflow\tensorflow\lite\CMakeLists.txt" />
  </ItemGroup>
  <ItemGroup>
    <Filter Include="Header Files">
      <UniqueIdentifier>{9F7E01E7-6670-3D57-93E1-0F3DB5818672}</UniqueIdentifier>
    </Filter>
    <Filter Include="Source Files">
      <UniqueIdentifier>{7D2501A5-4020-35C9-B7A9-6E54321601C7}</UniqueIdentifier>
    </Filter>
  </ItemGroup>
</Project>
