<?xml version="1.0" encoding="utf-8"?>
<Project ToolsVersion="17.0" xmlns="http://schemas.microsoft.com/developer/msbuild/2003">
  <ItemGroup>
    <ClCompile Include="D:\tensorflow\tensorflow\lite\tf_build\pthreadpool-source\src\portable-api.c">
      <Filter>Source Files</Filter>
    </ClCompile>
    <ClCompile Include="D:\tensorflow\tensorflow\lite\tf_build\pthreadpool-source\src\memory.c">
      <Filter>Source Files</Filter>
    </ClCompile>
    <ClCompile Include="D:\tensorflow\tensorflow\lite\tf_build\pthreadpool-source\src\windows.c">
      <Filter>Source Files</Filter>
    </ClCompile>
    <ClCompile Include="D:\tensorflow\tensorflow\lite\tf_build\pthreadpool-source\src\fastpath.c">
      <Filter>Source Files</Filter>
    </ClCompile>
  </ItemGroup>
  <ItemGroup>
    <CustomBuild Include="D:\tensorflow\tensorflow\lite\tf_build\pthreadpool-source\CMakeLists.txt" />
  </ItemGroup>
  <ItemGroup>
    <Filter Include="Source Files">
      <UniqueIdentifier>{7D2501A5-4020-35C9-B7A9-6E54321601C7}</UniqueIdentifier>
    </Filter>
  </ItemGroup>
</Project>
